// !$*UTF8*$!
{
	archiveVersion = 1;
	classes = {
	};
	objectVersion = 56;
	objects = {

/* Begin PBXBuildFile section */
		181C969C2B5D51B00042006E /* Icon.xcassets in Resources */ = {isa = PBXBuildFile; fileRef = 181C969B2B5D51B00042006E /* Icon.xcassets */; };
		181C969E2B5D9DC90042006E /* SelectGameView.swift in Sources */ = {isa = PBXBuildFile; fileRef = 181C969D2B5D9DC90042006E /* SelectGameView.swift */; };
		181C96A02B5DB5980042006E /* success_tip.mp3 in Resources */ = {isa = PBXBuildFile; fileRef = 181C969F2B5DB5980042006E /* success_tip.mp3 */; };
		181C96A82B60DC180042006E /* ChickenBattleGame.swift in Sources */ = {isa = PBXBuildFile; fileRef = 181C96A72B60DC180042006E /* ChickenBattleGame.swift */; };
		181C96AA2B60DD610042006E /* CardNineGame.swift in Sources */ = {isa = PBXBuildFile; fileRef = 181C96A92B60DD610042006E /* CardNineGame.swift */; };
		181C96AC2B60E26A0042006E /* JiaJiaBaoGame.swift in Sources */ = {isa = PBXBuildFile; fileRef = 181C96AB2B60E26A0042006E /* JiaJiaBaoGame.swift */; };
		181C96AE2B60F03C0042006E /* JiaJiaBaoGameRuleSettingView.swift in Sources */ = {isa = PBXBuildFile; fileRef = 181C96AD2B60F03C0042006E /* JiaJiaBaoGameRuleSettingView.swift */; };
		184F40A72B60FE170001B3DC /* LoadingView.swift in Sources */ = {isa = PBXBuildFile; fileRef = 184F40A62B60FE170001B3DC /* LoadingView.swift */; };
		184F40AB2B610EF50001B3DC /* CardNineRuleSettingView.swift in Sources */ = {isa = PBXBuildFile; fileRef = 184F40AA2B610EF50001B3DC /* CardNineRuleSettingView.swift */; };
		18C8929B2B65118F009D37DC /* fail_tip.mp3 in Resources */ = {isa = PBXBuildFile; fileRef = 18C892992B65118F009D37DC /* fail_tip.mp3 */; };
		18C8929C2B65118F009D37DC /* start_tip.mp3 in Resources */ = {isa = PBXBuildFile; fileRef = 18C8929A2B65118F009D37DC /* start_tip.mp3 */; };
		18CA14D2284AC42C00F90372 /* ViewModel.swift in Sources */ = {isa = PBXBuildFile; fileRef = 18CA14C3284AC42C00F90372 /* ViewModel.swift */; };
		18CA14D3284AC42C00F90372 /* ShowCardView.swift in Sources */ = {isa = PBXBuildFile; fileRef = 18CA14C5284AC42C00F90372 /* ShowCardView.swift */; };
		18CA14D4284AC42C00F90372 /* MainContentView.swift in Sources */ = {isa = PBXBuildFile; fileRef = 18CA14C6284AC42C00F90372 /* MainContentView.swift */; };
		18CA14D6284AC42C00F90372 /* CameraView.swift in Sources */ = {isa = PBXBuildFile; fileRef = 18CA14C8284AC42C00F90372 /* CameraView.swift */; };
		18CA14DB284AC42C00F90372 /* MyApp.swift in Sources */ = {isa = PBXBuildFile; fileRef = 18CA14D0284AC42C00F90372 /* MyApp.swift */; };
		18CA14DC284AC42C00F90372 /* AuthView.swift in Sources */ = {isa = PBXBuildFile; fileRef = 18CA14D1284AC42C00F90372 /* AuthView.swift */; };
		18D9CDEA2B84F7CE00A93684 /* ReportSettingView.swift in Sources */ = {isa = PBXBuildFile; fileRef = 18D9CDE92B84F7CE00A93684 /* ReportSettingView.swift */; };
		18FFC40A2BB9587A00029B0D /* BlurDetector_origin.swift in Sources */ = {isa = PBXBuildFile; fileRef = 18FFC4092BB9587900029B0D /* BlurDetector_origin.swift */; };
		50053F84284ACAED00C86BF4 /* Assets.xcassets in Resources */ = {isa = PBXBuildFile; fileRef = 50053F81284ACAED00C86BF4 /* Assets.xcassets */; };
		A80959642BBFE3C4009A2DB4 /* cardDetection_0405_n.mlmodel in Sources */ = {isa = PBXBuildFile; fileRef = A80959632BBFE3C4009A2DB4 /* cardDetection_0405_n.mlmodel */; };
		A80959662BC52AB2009A2DB4 /* ThirteenWaterGame.swift in Sources */ = {isa = PBXBuildFile; fileRef = A80959652BC52AB1009A2DB4 /* ThirteenWaterGame.swift */; };
		A80959682BC9A3CF009A2DB4 /* cardDetection_0412.mlmodel in Sources */ = {isa = PBXBuildFile; fileRef = A80959672BC9A3CE009A2DB4 /* cardDetection_0412.mlmodel */; };
		A809B3E22AE5126700F728A9 /* BaoziGame.swift in Sources */ = {isa = PBXBuildFile; fileRef = A809B3E12AE5126700F728A9 /* BaoziGame.swift */; };
		A809B3E42AE5183400F728A9 /* BaoziGameRuleSettingView.swift in Sources */ = {isa = PBXBuildFile; fileRef = A809B3E32AE5183400F728A9 /* BaoziGameRuleSettingView.swift */; };
		A80D65F82AFF75ED005B5E5E /* AddRuleSettingView.swift in Sources */ = {isa = PBXBuildFile; fileRef = A80D65F72AFF75ED005B5E5E /* AddRuleSettingView.swift */; };
		A812F92F2A3DCBA500AA392F /* ThreeCardPokerGameRuleSettingView.swift in Sources */ = {isa = PBXBuildFile; fileRef = A812F92E2A3DCBA500AA392F /* ThreeCardPokerGameRuleSettingView.swift */; };
		A812F9312A3DCD0800AA392F /* ThreeCardPokerGame.swift in Sources */ = {isa = PBXBuildFile; fileRef = A812F9302A3DCD0800AA392F /* ThreeCardPokerGame.swift */; };
		A838534C2ADA7C0200346038 /* BackGround.xcassets in Resources */ = {isa = PBXBuildFile; fileRef = A838534B2ADA7C0200346038 /* BackGround.xcassets */; };
		A838534E2ADA7D7100346038 /* GameClass.xcassets in Resources */ = {isa = PBXBuildFile; fileRef = A838534D2ADA7D7100346038 /* GameClass.xcassets */; };
		A83853502ADA83F600346038 /* Icon_Repo.xcassets in Resources */ = {isa = PBXBuildFile; fileRef = A838534F2ADA83F600346038 /* Icon_Repo.xcassets */; };
		A83853532ADA918000346038 /* CustomUI.swift in Sources */ = {isa = PBXBuildFile; fileRef = A83853522ADA918000346038 /* CustomUI.swift */; };
		A83DC67A2A22352C00EC8210 /* SelectRuleView.swift in Sources */ = {isa = PBXBuildFile; fileRef = A83DC6792A22352C00EC8210 /* SelectRuleView.swift */; };
		A87A82052B2EF66200B1B37B /* DealTypeView.swift in Sources */ = {isa = PBXBuildFile; fileRef = A87A82042B2EF66200B1B37B /* DealTypeView.swift */; };
		A887167F2A0623E500B7F2CD /* AuthManager.swift in Sources */ = {isa = PBXBuildFile; fileRef = A887167E2A0623E500B7F2CD /* AuthManager.swift */; };
		A88716852A0F701500B7F2CD /* GameManager.swift in Sources */ = {isa = PBXBuildFile; fileRef = A88716842A0F701500B7F2CD /* GameManager.swift */; };
		A887B64E2A7FDF56009F488F /* RecordHistoryViewModel.swift in Sources */ = {isa = PBXBuildFile; fileRef = A887B64D2A7FDF56009F488F /* RecordHistoryViewModel.swift */; };
		A887B6502A7FE1AF009F488F /* ShowRecordHistoryView.swift in Sources */ = {isa = PBXBuildFile; fileRef = A887B64F2A7FE1AF009F488F /* ShowRecordHistoryView.swift */; };
		A887B6522A8104BC009F488F /* TimeUtils.swift in Sources */ = {isa = PBXBuildFile; fileRef = A887B6512A8104BC009F488F /* TimeUtils.swift */; };
		A887B6562A81370F009F488F /* AsyncAlgorithms in Frameworks */ = {isa = PBXBuildFile; productRef = A887B6552A81370F009F488F /* AsyncAlgorithms */; };
		A887B6582A8511A4009F488F /* InfoView.swift in Sources */ = {isa = PBXBuildFile; fileRef = A887B6572A8511A4009F488F /* InfoView.swift */; };
		A88C71EA2B8600AE001D8BD8 /* NinePoint.swift in Sources */ = {isa = PBXBuildFile; fileRef = A88C71E92B8600AE001D8BD8 /* NinePoint.swift */; };
		A88C71EC2B8B261A001D8BD8 /* FourCardGame.swift in Sources */ = {isa = PBXBuildFile; fileRef = A88C71EB2B8B261A001D8BD8 /* FourCardGame.swift */; };
		A88C71EE2B8B3824001D8BD8 /* TwoCardGame.swift in Sources */ = {isa = PBXBuildFile; fileRef = A88C71ED2B8B3824001D8BD8 /* TwoCardGame.swift */; };
		A88C71F02B93101C001D8BD8 /* ThreeCardPointGame.swift in Sources */ = {isa = PBXBuildFile; fileRef = A88C71EF2B93101C001D8BD8 /* ThreeCardPointGame.swift */; };
		A88C71F22B93570D001D8BD8 /* TenPointFiveGame.swift in Sources */ = {isa = PBXBuildFile; fileRef = A88C71F12B93570D001D8BD8 /* TenPointFiveGame.swift */; };
		A88C71F42B945ABD001D8BD8 /* ReportClass.swift in Sources */ = {isa = PBXBuildFile; fileRef = A88C71F32B945ABD001D8BD8 /* ReportClass.swift */; };
		A88EFDC42A7D217200897243 /* VisionObjectRecognitionViewModel.swift in Sources */ = {isa = PBXBuildFile; fileRef = A88EFDC12A7D217100897243 /* VisionObjectRecognitionViewModel.swift */; };
		A88EFDC82A7D249C00897243 /* VisionObjectRecognitionView.swift in Sources */ = {isa = PBXBuildFile; fileRef = A88EFDC72A7D249C00897243 /* VisionObjectRecognitionView.swift */; };
		A88EFE032A7E8ACD00897243 /* Resnet50FP16.mlmodel in Sources */ = {isa = PBXBuildFile; fileRef = A88EFE022A7E8ACC00897243 /* Resnet50FP16.mlmodel */; };
		A88EFE072A7FA95A00897243 /* SettingView.swift in Sources */ = {isa = PBXBuildFile; fileRef = A88EFE062A7FA95A00897243 /* SettingView.swift */; };
		A88EFE092A7FAD1100897243 /* SettingViewModel.swift in Sources */ = {isa = PBXBuildFile; fileRef = A88EFE082A7FAD1100897243 /* SettingViewModel.swift */; };
		A88EFE0B2A7FC05900897243 /* JsonUtils.swift in Sources */ = {isa = PBXBuildFile; fileRef = A88EFE0A2A7FC05900897243 /* JsonUtils.swift */; };
		A88EFE0D2A7FDC9500897243 /* RecordHistoryView.swift in Sources */ = {isa = PBXBuildFile; fileRef = A88EFE0C2A7FDC9500897243 /* RecordHistoryView.swift */; };
		A88F209D2A10EB39005E4A27 /* python-stdlib in Resources */ = {isa = PBXBuildFile; fileRef = A88F209C2A10EB39005E4A27 /* python-stdlib */; };
		A88F209F2A10EB4D005E4A27 /* Python.xcframework in Frameworks */ = {isa = PBXBuildFile; fileRef = A88F209E2A10EB4D005E4A27 /* Python.xcframework */; };
		A88F20A12A10EBC6005E4A27 /* SystemConfiguration.framework in Frameworks */ = {isa = PBXBuildFile; fileRef = A88F20A02A10EBC6005E4A27 /* SystemConfiguration.framework */; };
		A88F20AE2A13A470005E4A27 /* PokerBull.swift in Sources */ = {isa = PBXBuildFile; fileRef = A88F20AD2A13A470005E4A27 /* PokerBull.swift */; };
		A88F20B02A1DEE63005E4A27 /* TinyNineGame.swift in Sources */ = {isa = PBXBuildFile; fileRef = A88F20AF2A1DEE63005E4A27 /* TinyNineGame.swift */; };
		A8922FC02A6553FB00A7033E /* PokerBullSettingView.swift in Sources */ = {isa = PBXBuildFile; fileRef = A8922FBF2A6553FB00A7033E /* PokerBullSettingView.swift */; };
		A892C6002A765A0A003FA2B3 /* MainMenuView.swift in Sources */ = {isa = PBXBuildFile; fileRef = A892C5FF2A765A0A003FA2B3 /* MainMenuView.swift */; };
		A8D0D9342A223D210061A90E /* TexasPokerRuleSettingView.swift in Sources */ = {isa = PBXBuildFile; fileRef = A8D0D9332A223D210061A90E /* TexasPokerRuleSettingView.swift */; };
		A8D0D9362A24A4C20061A90E /* TexasPoker.swift in Sources */ = {isa = PBXBuildFile; fileRef = A8D0D9352A24A4C20061A90E /* TexasPoker.swift */; };
		A8D0D9382A35D9970061A90E /* RankRulesView.swift in Sources */ = {isa = PBXBuildFile; fileRef = A8D0D9372A35D9970061A90E /* RankRulesView.swift */; };
		A8E0E2E52AADEF560091FC1D /* ThreeMenGame.swift in Sources */ = {isa = PBXBuildFile; fileRef = A8E0E2E42AADEF560091FC1D /* ThreeMenGame.swift */; };
		A8E0E2E72AADF6E20091FC1D /* TwoEightGangGame.swift in Sources */ = {isa = PBXBuildFile; fileRef = A8E0E2E62AADF6E20091FC1D /* TwoEightGangGame.swift */; };
		A8E0E2E92AADF9240091FC1D /* NinePointFiveGame.swift in Sources */ = {isa = PBXBuildFile; fileRef = A8E0E2E82AADF9240091FC1D /* NinePointFiveGame.swift */; };
		A8E0E2EB2AAE00620091FC1D /* TinyNineGameRuleSettingView.swift in Sources */ = {isa = PBXBuildFile; fileRef = A8E0E2EA2AAE00620091FC1D /* TinyNineGameRuleSettingView.swift */; };
		A8E0E2ED2AAE00740091FC1D /* ThreeMenGameRuleSettingView.swift in Sources */ = {isa = PBXBuildFile; fileRef = A8E0E2EC2AAE00740091FC1D /* ThreeMenGameRuleSettingView.swift */; };
		A8E0E2EF2AAE00910091FC1D /* TwoEightGangGameRuleSettingView.swift in Sources */ = {isa = PBXBuildFile; fileRef = A8E0E2EE2AAE00910091FC1D /* TwoEightGangGameRuleSettingView.swift */; };
		A8E0E2F12AAE00B90091FC1D /* NinePointFiveGameRuleSettingView.swift in Sources */ = {isa = PBXBuildFile; fileRef = A8E0E2F02AAE00B90091FC1D /* NinePointFiveGameRuleSettingView.swift */; };
		A8EFFEAF2B25BF8900FC884F /* UsingCardsSettingView.swift in Sources */ = {isa = PBXBuildFile; fileRef = A8EFFEAE2B25BF8900FC884F /* UsingCardsSettingView.swift */; };
		A8EFFEB12B28766C00FC884F /* CutNumRangeSettingView.swift in Sources */ = {isa = PBXBuildFile; fileRef = A8EFFEB02B28766C00FC884F /* CutNumRangeSettingView.swift */; };
		A8FBC7BB2A3DF1B000EDDFD7 /* SuitRulesView.swift in Sources */ = {isa = PBXBuildFile; fileRef = A8FBC7BA2A3DF1B000EDDFD7 /* SuitRulesView.swift */; };
		A8FBC7C22A3F0A5C00EDDFD7 /* CVUtils.swift in Sources */ = {isa = PBXBuildFile; fileRef = A8FBC7C12A3F0A5C00EDDFD7 /* CVUtils.swift */; };
		B03B7B2D2A963C05006A0647 /* Card.swift in Sources */ = {isa = PBXBuildFile; fileRef = B03B7B2C2A963C05006A0647 /* Card.swift */; };
		B03B7B2F2A963C1B006A0647 /* utils.swift in Sources */ = {isa = PBXBuildFile; fileRef = B03B7B2E2A963C1B006A0647 /* utils.swift */; };
		B03B7B532A98AD32006A0647 /* ShuffleTests.swift in Sources */ = {isa = PBXBuildFile; fileRef = B03B7B522A98AD32006A0647 /* ShuffleTests.swift */; };
		B058BE5F2B09FFC20078E792 /* BlurDetector.swift in Sources */ = {isa = PBXBuildFile; fileRef = B058BE5E2B09FFC20078E792 /* BlurDetector.swift */; };
		B058BE612B0A0D6F0078E792 /* TestView.swift in Sources */ = {isa = PBXBuildFile; fileRef = B058BE602B0A0D6F0078E792 /* TestView.swift */; };
/* End PBXBuildFile section */

/* Begin PBXContainerItemProxy section */
		B03B7B542A98AD32006A0647 /* PBXContainerItemProxy */ = {
			isa = PBXContainerItemProxy;
			containerPortal = 18CA146F284ABEC600F90372 /* Project object */;
			proxyType = 1;
			remoteGlobalIDString = 18CA1476284ABEC600F90372;
			remoteInfo = Shuffle;
		};
/* End PBXContainerItemProxy section */

/* Begin PBXFileReference section */
		181C969B2B5D51B00042006E /* Icon.xcassets */ = {isa = PBXFileReference; lastKnownFileType = folder.assetcatalog; path = Icon.xcassets; sourceTree = "<group>"; };
		181C969D2B5D9DC90042006E /* SelectGameView.swift */ = {isa = PBXFileReference; lastKnownFileType = sourcecode.swift; path = SelectGameView.swift; sourceTree = "<group>"; };
		181C969F2B5DB5980042006E /* success_tip.mp3 */ = {isa = PBXFileReference; lastKnownFileType = audio.mp3; path = success_tip.mp3; sourceTree = "<group>"; };
		181C96A72B60DC180042006E /* ChickenBattleGame.swift */ = {isa = PBXFileReference; lastKnownFileType = sourcecode.swift; path = ChickenBattleGame.swift; sourceTree = "<group>"; };
		181C96A92B60DD610042006E /* CardNineGame.swift */ = {isa = PBXFileReference; lastKnownFileType = sourcecode.swift; path = CardNineGame.swift; sourceTree = "<group>"; };
		181C96AB2B60E26A0042006E /* JiaJiaBaoGame.swift */ = {isa = PBXFileReference; lastKnownFileType = sourcecode.swift; path = JiaJiaBaoGame.swift; sourceTree = "<group>"; };
		181C96AD2B60F03C0042006E /* JiaJiaBaoGameRuleSettingView.swift */ = {isa = PBXFileReference; lastKnownFileType = sourcecode.swift; path = JiaJiaBaoGameRuleSettingView.swift; sourceTree = "<group>"; };
		184F40A62B60FE170001B3DC /* LoadingView.swift */ = {isa = PBXFileReference; lastKnownFileType = sourcecode.swift; path = LoadingView.swift; sourceTree = "<group>"; };
		184F40AA2B610EF50001B3DC /* CardNineRuleSettingView.swift */ = {isa = PBXFileReference; lastKnownFileType = sourcecode.swift; path = CardNineRuleSettingView.swift; sourceTree = "<group>"; };
		18C892992B65118F009D37DC /* fail_tip.mp3 */ = {isa = PBXFileReference; lastKnownFileType = audio.mp3; path = fail_tip.mp3; sourceTree = "<group>"; };
		18C8929A2B65118F009D37DC /* start_tip.mp3 */ = {isa = PBXFileReference; lastKnownFileType = audio.mp3; path = start_tip.mp3; sourceTree = "<group>"; };
		18CA1477284ABEC600F90372 /* Shuffle.app */ = {isa = PBXFileReference; explicitFileType = wrapper.application; includeInIndex = 0; path = Shuffle.app; sourceTree = BUILT_PRODUCTS_DIR; };
		18CA14C3284AC42C00F90372 /* ViewModel.swift */ = {isa = PBXFileReference; fileEncoding = 4; lastKnownFileType = sourcecode.swift; path = ViewModel.swift; sourceTree = "<group>"; };
		18CA14C5284AC42C00F90372 /* ShowCardView.swift */ = {isa = PBXFileReference; fileEncoding = 4; lastKnownFileType = sourcecode.swift; path = ShowCardView.swift; sourceTree = "<group>"; };
		18CA14C6284AC42C00F90372 /* MainContentView.swift */ = {isa = PBXFileReference; fileEncoding = 4; lastKnownFileType = sourcecode.swift; path = MainContentView.swift; sourceTree = "<group>"; };
		18CA14C8284AC42C00F90372 /* CameraView.swift */ = {isa = PBXFileReference; fileEncoding = 4; lastKnownFileType = sourcecode.swift; path = CameraView.swift; sourceTree = "<group>"; };
		18CA14D0284AC42C00F90372 /* MyApp.swift */ = {isa = PBXFileReference; fileEncoding = 4; lastKnownFileType = sourcecode.swift; path = MyApp.swift; sourceTree = "<group>"; };
		18CA14D1284AC42C00F90372 /* AuthView.swift */ = {isa = PBXFileReference; fileEncoding = 4; lastKnownFileType = sourcecode.swift; path = AuthView.swift; sourceTree = "<group>"; };
		18D9CDE92B84F7CE00A93684 /* ReportSettingView.swift */ = {isa = PBXFileReference; lastKnownFileType = sourcecode.swift; path = ReportSettingView.swift; sourceTree = "<group>"; };
		18FFC4092BB9587900029B0D /* BlurDetector_origin.swift */ = {isa = PBXFileReference; fileEncoding = 4; lastKnownFileType = sourcecode.swift; path = BlurDetector_origin.swift; sourceTree = "<group>"; };
		50053F80284ACAED00C86BF4 /* Info.plist */ = {isa = PBXFileReference; fileEncoding = 4; lastKnownFileType = text.plist.xml; path = Info.plist; sourceTree = "<group>"; };
		50053F81284ACAED00C86BF4 /* Assets.xcassets */ = {isa = PBXFileReference; lastKnownFileType = folder.assetcatalog; path = Assets.xcassets; sourceTree = "<group>"; };
		50053F82284ACAED00C86BF4 /* CountMyActions.entitlements */ = {isa = PBXFileReference; fileEncoding = 4; lastKnownFileType = text.plist.entitlements; path = CountMyActions.entitlements; sourceTree = "<group>"; };
		5269731033A41881895B5A41 /* README.md */ = {isa = PBXFileReference; lastKnownFileType = net.daringfireball.markdown; path = README.md; sourceTree = "<group>"; };
		A6748516A40E187B4F8ACFA3 /* SampleCode.xcconfig */ = {isa = PBXFileReference; lastKnownFileType = text.xcconfig; name = SampleCode.xcconfig; path = Configuration/SampleCode.xcconfig; sourceTree = "<group>"; };
		A80959632BBFE3C4009A2DB4 /* cardDetection_0405_n.mlmodel */ = {isa = PBXFileReference; lastKnownFileType = file.mlmodel; path = cardDetection_0405_n.mlmodel; sourceTree = "<group>"; };
		A80959652BC52AB1009A2DB4 /* ThirteenWaterGame.swift */ = {isa = PBXFileReference; lastKnownFileType = sourcecode.swift; path = ThirteenWaterGame.swift; sourceTree = "<group>"; };
		A80959672BC9A3CE009A2DB4 /* cardDetection_0412.mlmodel */ = {isa = PBXFileReference; lastKnownFileType = file.mlmodel; path = cardDetection_0412.mlmodel; sourceTree = "<group>"; };
		A809B3E12AE5126700F728A9 /* BaoziGame.swift */ = {isa = PBXFileReference; lastKnownFileType = sourcecode.swift; path = BaoziGame.swift; sourceTree = "<group>"; };
		A809B3E32AE5183400F728A9 /* BaoziGameRuleSettingView.swift */ = {isa = PBXFileReference; lastKnownFileType = sourcecode.swift; path = BaoziGameRuleSettingView.swift; sourceTree = "<group>"; };
		A80D65F72AFF75ED005B5E5E /* AddRuleSettingView.swift */ = {isa = PBXFileReference; lastKnownFileType = sourcecode.swift; path = AddRuleSettingView.swift; sourceTree = "<group>"; };
		A812F92E2A3DCBA500AA392F /* ThreeCardPokerGameRuleSettingView.swift */ = {isa = PBXFileReference; lastKnownFileType = sourcecode.swift; path = ThreeCardPokerGameRuleSettingView.swift; sourceTree = "<group>"; };
		A812F9302A3DCD0800AA392F /* ThreeCardPokerGame.swift */ = {isa = PBXFileReference; lastKnownFileType = sourcecode.swift; path = ThreeCardPokerGame.swift; sourceTree = "<group>"; };
		A83853452ABEDE0900346038 /* cardDetection.mlmodel */ = {isa = PBXFileReference; lastKnownFileType = file.mlmodel; path = cardDetection.mlmodel; sourceTree = "<group>"; };
		A83853462ABEDE0900346038 /* cardDetection_quantilized.mlmodel */ = {isa = PBXFileReference; lastKnownFileType = file.mlmodel; path = cardDetection_quantilized.mlmodel; sourceTree = "<group>"; };
		A838534B2ADA7C0200346038 /* BackGround.xcassets */ = {isa = PBXFileReference; lastKnownFileType = folder.assetcatalog; path = BackGround.xcassets; sourceTree = "<group>"; };
		A838534D2ADA7D7100346038 /* GameClass.xcassets */ = {isa = PBXFileReference; lastKnownFileType = folder.assetcatalog; path = GameClass.xcassets; sourceTree = "<group>"; };
		A838534F2ADA83F600346038 /* Icon_Repo.xcassets */ = {isa = PBXFileReference; lastKnownFileType = folder.assetcatalog; path = Icon_Repo.xcassets; sourceTree = "<group>"; };
		A83853522ADA918000346038 /* CustomUI.swift */ = {isa = PBXFileReference; lastKnownFileType = sourcecode.swift; path = CustomUI.swift; sourceTree = "<group>"; };
		A83DC6792A22352C00EC8210 /* SelectRuleView.swift */ = {isa = PBXFileReference; lastKnownFileType = sourcecode.swift; path = SelectRuleView.swift; sourceTree = "<group>"; };
		A87A82042B2EF66200B1B37B /* DealTypeView.swift */ = {isa = PBXFileReference; lastKnownFileType = sourcecode.swift; path = DealTypeView.swift; sourceTree = "<group>"; };
		A887167E2A0623E500B7F2CD /* AuthManager.swift */ = {isa = PBXFileReference; lastKnownFileType = sourcecode.swift; path = AuthManager.swift; sourceTree = "<group>"; };
		A88716812A06413600B7F2CD /* DOC.md */ = {isa = PBXFileReference; lastKnownFileType = net.daringfireball.markdown; path = DOC.md; sourceTree = "<group>"; };
		A88716842A0F701500B7F2CD /* GameManager.swift */ = {isa = PBXFileReference; lastKnownFileType = sourcecode.swift; path = GameManager.swift; sourceTree = "<group>"; };
		A887B64D2A7FDF56009F488F /* RecordHistoryViewModel.swift */ = {isa = PBXFileReference; lastKnownFileType = sourcecode.swift; path = RecordHistoryViewModel.swift; sourceTree = "<group>"; };
		A887B64F2A7FE1AF009F488F /* ShowRecordHistoryView.swift */ = {isa = PBXFileReference; lastKnownFileType = sourcecode.swift; path = ShowRecordHistoryView.swift; sourceTree = "<group>"; };
		A887B6512A8104BC009F488F /* TimeUtils.swift */ = {isa = PBXFileReference; lastKnownFileType = sourcecode.swift; path = TimeUtils.swift; sourceTree = "<group>"; };
		A887B6572A8511A4009F488F /* InfoView.swift */ = {isa = PBXFileReference; lastKnownFileType = sourcecode.swift; path = InfoView.swift; sourceTree = "<group>"; };
		A88C71E92B8600AE001D8BD8 /* NinePoint.swift */ = {isa = PBXFileReference; lastKnownFileType = sourcecode.swift; path = NinePoint.swift; sourceTree = "<group>"; };
		A88C71EB2B8B261A001D8BD8 /* FourCardGame.swift */ = {isa = PBXFileReference; lastKnownFileType = sourcecode.swift; path = FourCardGame.swift; sourceTree = "<group>"; };
		A88C71ED2B8B3824001D8BD8 /* TwoCardGame.swift */ = {isa = PBXFileReference; lastKnownFileType = sourcecode.swift; path = TwoCardGame.swift; sourceTree = "<group>"; };
		A88C71EF2B93101C001D8BD8 /* ThreeCardPointGame.swift */ = {isa = PBXFileReference; lastKnownFileType = sourcecode.swift; path = ThreeCardPointGame.swift; sourceTree = "<group>"; };
		A88C71F12B93570D001D8BD8 /* TenPointFiveGame.swift */ = {isa = PBXFileReference; lastKnownFileType = sourcecode.swift; path = TenPointFiveGame.swift; sourceTree = "<group>"; };
		A88C71F32B945ABD001D8BD8 /* ReportClass.swift */ = {isa = PBXFileReference; lastKnownFileType = sourcecode.swift; path = ReportClass.swift; sourceTree = "<group>"; };
		A88EFDC12A7D217100897243 /* VisionObjectRecognitionViewModel.swift */ = {isa = PBXFileReference; fileEncoding = 4; lastKnownFileType = sourcecode.swift; path = VisionObjectRecognitionViewModel.swift; sourceTree = "<group>"; };
		A88EFDC72A7D249C00897243 /* VisionObjectRecognitionView.swift */ = {isa = PBXFileReference; lastKnownFileType = sourcecode.swift; path = VisionObjectRecognitionView.swift; sourceTree = "<group>"; };
		A88EFE022A7E8ACC00897243 /* Resnet50FP16.mlmodel */ = {isa = PBXFileReference; lastKnownFileType = file.mlmodel; path = Resnet50FP16.mlmodel; sourceTree = "<group>"; };
		A88EFE062A7FA95A00897243 /* SettingView.swift */ = {isa = PBXFileReference; lastKnownFileType = sourcecode.swift; path = SettingView.swift; sourceTree = "<group>"; };
		A88EFE082A7FAD1100897243 /* SettingViewModel.swift */ = {isa = PBXFileReference; lastKnownFileType = sourcecode.swift; path = SettingViewModel.swift; sourceTree = "<group>"; };
		A88EFE0A2A7FC05900897243 /* JsonUtils.swift */ = {isa = PBXFileReference; lastKnownFileType = sourcecode.swift; path = JsonUtils.swift; sourceTree = "<group>"; };
		A88EFE0C2A7FDC9500897243 /* RecordHistoryView.swift */ = {isa = PBXFileReference; lastKnownFileType = sourcecode.swift; path = RecordHistoryView.swift; sourceTree = "<group>"; };
		A88F209C2A10EB39005E4A27 /* python-stdlib */ = {isa = PBXFileReference; lastKnownFileType = folder; path = "python-stdlib"; sourceTree = "<group>"; };
		A88F209E2A10EB4D005E4A27 /* Python.xcframework */ = {isa = PBXFileReference; lastKnownFileType = wrapper.xcframework; path = Python.xcframework; sourceTree = "<group>"; };
		A88F20A02A10EBC6005E4A27 /* SystemConfiguration.framework */ = {isa = PBXFileReference; lastKnownFileType = wrapper.framework; name = SystemConfiguration.framework; path = System/Library/Frameworks/SystemConfiguration.framework; sourceTree = SDKROOT; };
		A88F20AD2A13A470005E4A27 /* PokerBull.swift */ = {isa = PBXFileReference; lastKnownFileType = sourcecode.swift; path = PokerBull.swift; sourceTree = "<group>"; };
		A88F20AF2A1DEE63005E4A27 /* TinyNineGame.swift */ = {isa = PBXFileReference; lastKnownFileType = sourcecode.swift; path = TinyNineGame.swift; sourceTree = "<group>"; };
		A88F20B12A1E3D4C005E4A27 /* Shuffle.entitlements */ = {isa = PBXFileReference; lastKnownFileType = text.plist.entitlements; path = Shuffle.entitlements; sourceTree = "<group>"; };
		A8922FBF2A6553FB00A7033E /* PokerBullSettingView.swift */ = {isa = PBXFileReference; lastKnownFileType = sourcecode.swift; path = PokerBullSettingView.swift; sourceTree = "<group>"; };
		A892C5FF2A765A0A003FA2B3 /* MainMenuView.swift */ = {isa = PBXFileReference; lastKnownFileType = sourcecode.swift; path = MainMenuView.swift; sourceTree = "<group>"; };
		A8D0D9332A223D210061A90E /* TexasPokerRuleSettingView.swift */ = {isa = PBXFileReference; lastKnownFileType = sourcecode.swift; path = TexasPokerRuleSettingView.swift; sourceTree = "<group>"; };
		A8D0D9352A24A4C20061A90E /* TexasPoker.swift */ = {isa = PBXFileReference; lastKnownFileType = sourcecode.swift; path = TexasPoker.swift; sourceTree = "<group>"; };
		A8D0D9372A35D9970061A90E /* RankRulesView.swift */ = {isa = PBXFileReference; lastKnownFileType = sourcecode.swift; path = RankRulesView.swift; sourceTree = "<group>"; };
		A8E0E2E42AADEF560091FC1D /* ThreeMenGame.swift */ = {isa = PBXFileReference; lastKnownFileType = sourcecode.swift; path = ThreeMenGame.swift; sourceTree = "<group>"; };
		A8E0E2E62AADF6E20091FC1D /* TwoEightGangGame.swift */ = {isa = PBXFileReference; lastKnownFileType = sourcecode.swift; path = TwoEightGangGame.swift; sourceTree = "<group>"; };
		A8E0E2E82AADF9240091FC1D /* NinePointFiveGame.swift */ = {isa = PBXFileReference; lastKnownFileType = sourcecode.swift; path = NinePointFiveGame.swift; sourceTree = "<group>"; };
		A8E0E2EA2AAE00620091FC1D /* TinyNineGameRuleSettingView.swift */ = {isa = PBXFileReference; lastKnownFileType = sourcecode.swift; path = TinyNineGameRuleSettingView.swift; sourceTree = "<group>"; };
		A8E0E2EC2AAE00740091FC1D /* ThreeMenGameRuleSettingView.swift */ = {isa = PBXFileReference; lastKnownFileType = sourcecode.swift; path = ThreeMenGameRuleSettingView.swift; sourceTree = "<group>"; };
		A8E0E2EE2AAE00910091FC1D /* TwoEightGangGameRuleSettingView.swift */ = {isa = PBXFileReference; lastKnownFileType = sourcecode.swift; path = TwoEightGangGameRuleSettingView.swift; sourceTree = "<group>"; };
		A8E0E2F02AAE00B90091FC1D /* NinePointFiveGameRuleSettingView.swift */ = {isa = PBXFileReference; lastKnownFileType = sourcecode.swift; path = NinePointFiveGameRuleSettingView.swift; sourceTree = "<group>"; };
		A8EFFEAE2B25BF8900FC884F /* UsingCardsSettingView.swift */ = {isa = PBXFileReference; lastKnownFileType = sourcecode.swift; path = UsingCardsSettingView.swift; sourceTree = "<group>"; };
		A8EFFEB02B28766C00FC884F /* CutNumRangeSettingView.swift */ = {isa = PBXFileReference; lastKnownFileType = sourcecode.swift; path = CutNumRangeSettingView.swift; sourceTree = "<group>"; };
		A8FBC7BA2A3DF1B000EDDFD7 /* SuitRulesView.swift */ = {isa = PBXFileReference; lastKnownFileType = sourcecode.swift; path = SuitRulesView.swift; sourceTree = "<group>"; };
		A8FBC7C12A3F0A5C00EDDFD7 /* CVUtils.swift */ = {isa = PBXFileReference; lastKnownFileType = sourcecode.swift; path = CVUtils.swift; sourceTree = "<group>"; };
		B03B7B2C2A963C05006A0647 /* Card.swift */ = {isa = PBXFileReference; lastKnownFileType = sourcecode.swift; path = Card.swift; sourceTree = "<group>"; };
		B03B7B2E2A963C1B006A0647 /* utils.swift */ = {isa = PBXFileReference; lastKnownFileType = sourcecode.swift; path = utils.swift; sourceTree = "<group>"; };
		B03B7B502A98AD32006A0647 /* ShuffleTests.xctest */ = {isa = PBXFileReference; explicitFileType = wrapper.cfbundle; includeInIndex = 0; path = ShuffleTests.xctest; sourceTree = BUILT_PRODUCTS_DIR; };
		B03B7B522A98AD32006A0647 /* ShuffleTests.swift */ = {isa = PBXFileReference; lastKnownFileType = sourcecode.swift; path = ShuffleTests.swift; sourceTree = "<group>"; };
		B058BE5E2B09FFC20078E792 /* BlurDetector.swift */ = {isa = PBXFileReference; lastKnownFileType = sourcecode.swift; path = BlurDetector.swift; sourceTree = "<group>"; };
		B058BE602B0A0D6F0078E792 /* TestView.swift */ = {isa = PBXFileReference; lastKnownFileType = sourcecode.swift; path = TestView.swift; sourceTree = "<group>"; };
		F11ED84932036610B96BC234 /* LICENSE.txt */ = {isa = PBXFileReference; includeInIndex = 1; lastKnownFileType = text; path = LICENSE.txt; sourceTree = "<group>"; };
/* End PBXFileReference section */

/* Begin PBXFrameworksBuildPhase section */
		18CA1474284ABEC600F90372 /* Frameworks */ = {
			isa = PBXFrameworksBuildPhase;
			buildActionMask = 2147483647;
			files = (
				A88F209F2A10EB4D005E4A27 /* Python.xcframework in Frameworks */,
				A88F20A12A10EBC6005E4A27 /* SystemConfiguration.framework in Frameworks */,
				A887B6562A81370F009F488F /* AsyncAlgorithms in Frameworks */,
			);
			runOnlyForDeploymentPostprocessing = 0;
		};
		B03B7B4D2A98AD32006A0647 /* Frameworks */ = {
			isa = PBXFrameworksBuildPhase;
			buildActionMask = 2147483647;
			files = (
			);
			runOnlyForDeploymentPostprocessing = 0;
		};
/* End PBXFrameworksBuildPhase section */

/* Begin PBXGroup section */
		18CA146E284ABEC600F90372 = {
			isa = PBXGroup;
			children = (
				A88F20922A0F9BA0005E4A27 /* Packages */,
				A88716812A06413600B7F2CD /* DOC.md */,
				5269731033A41881895B5A41 /* README.md */,
				A88F209E2A10EB4D005E4A27 /* Python.xcframework */,
				A88F209C2A10EB39005E4A27 /* python-stdlib */,
				18CA1479284ABEC600F90372 /* Shuffle */,
				B03B7B512A98AD32006A0647 /* ShuffleTests */,
				18CA1478284ABEC600F90372 /* Products */,
				6F1A40C356DDD7B853F4B7B0 /* Configuration */,
				8FCAE36708347D80E3093CD0 /* LICENSE */,
				A88F20962A0FB582005E4A27 /* Frameworks */,
				B0E55D922ABF118C004027AA /* Recovered References */,
			);
			sourceTree = "<group>";
		};
		18CA1478284ABEC600F90372 /* Products */ = {
			isa = PBXGroup;
			children = (
				18CA1477284ABEC600F90372 /* Shuffle.app */,
				B03B7B502A98AD32006A0647 /* ShuffleTests.xctest */,
			);
			name = Products;
			sourceTree = "<group>";
		};
		18CA1479284ABEC600F90372 /* Shuffle */ = {
			isa = PBXGroup;
			children = (
				A83853512ADA914D00346038 /* UIComponent */,
				A8FBC7BE2A3F057700EDDFD7 /* Resources */,
				A88F20B12A1E3D4C005E4A27 /* Shuffle.entitlements */,
				A88716862A0F712A00B7F2CD /* GameRules */,
				A887167D2A0623A300B7F2CD /* Utils */,
				18CA14CF284AC42C00F90372 /* App */,
				18CA14C2284AC42C00F90372 /* Model */,
				18CA14C4284AC42C00F90372 /* Views */,
			);
			path = Shuffle;
			sourceTree = "<group>";
		};
		18CA14C2284AC42C00F90372 /* Model */ = {
			isa = PBXGroup;
			children = (
				A88EFDC12A7D217100897243 /* VisionObjectRecognitionViewModel.swift */,
				18CA14C3284AC42C00F90372 /* ViewModel.swift */,
				A88EFE082A7FAD1100897243 /* SettingViewModel.swift */,
				A887B64D2A7FDF56009F488F /* RecordHistoryViewModel.swift */,
			);
			path = Model;
			sourceTree = "<group>";
		};
		18CA14C4284AC42C00F90372 /* Views */ = {
			isa = PBXGroup;
			children = (
				A88EFDC72A7D249C00897243 /* VisionObjectRecognitionView.swift */,
				A80D65F72AFF75ED005B5E5E /* AddRuleSettingView.swift */,
				A812F92D2A3DCB6200AA392F /* RuleSettingViews */,
				18CA14C5284AC42C00F90372 /* ShowCardView.swift */,
				18CA14C8284AC42C00F90372 /* CameraView.swift */,
				18CA14C6284AC42C00F90372 /* MainContentView.swift */,
				A8EFFEAE2B25BF8900FC884F /* UsingCardsSettingView.swift */,
				A83DC6792A22352C00EC8210 /* SelectRuleView.swift */,
				A8D0D9372A35D9970061A90E /* RankRulesView.swift */,
				A8FBC7BA2A3DF1B000EDDFD7 /* SuitRulesView.swift */,
				A88EFE062A7FA95A00897243 /* SettingView.swift */,
				A88EFE0C2A7FDC9500897243 /* RecordHistoryView.swift */,
				A892C5FF2A765A0A003FA2B3 /* MainMenuView.swift */,
				A887B64F2A7FE1AF009F488F /* ShowRecordHistoryView.swift */,
				A887B6572A8511A4009F488F /* InfoView.swift */,
				A8EFFEB02B28766C00FC884F /* CutNumRangeSettingView.swift */,
				A87A82042B2EF66200B1B37B /* DealTypeView.swift */,
				B058BE602B0A0D6F0078E792 /* TestView.swift */,
				181C969D2B5D9DC90042006E /* SelectGameView.swift */,
				184F40A62B60FE170001B3DC /* LoadingView.swift */,
				18D9CDE92B84F7CE00A93684 /* ReportSettingView.swift */,
			);
			path = Views;
			sourceTree = "<group>";
		};
		18CA14CF284AC42C00F90372 /* App */ = {
			isa = PBXGroup;
			children = (
				50053F81284ACAED00C86BF4 /* Assets.xcassets */,
				50053F82284ACAED00C86BF4 /* CountMyActions.entitlements */,
				50053F80284ACAED00C86BF4 /* Info.plist */,
				18CA14D0284AC42C00F90372 /* MyApp.swift */,
				18CA14D1284AC42C00F90372 /* AuthView.swift */,
			);
			path = App;
			sourceTree = "<group>";
		};
		6F1A40C356DDD7B853F4B7B0 /* Configuration */ = {
			isa = PBXGroup;
			children = (
				A6748516A40E187B4F8ACFA3 /* SampleCode.xcconfig */,
			);
			name = Configuration;
			sourceTree = "<group>";
		};
		8FCAE36708347D80E3093CD0 /* LICENSE */ = {
			isa = PBXGroup;
			children = (
				F11ED84932036610B96BC234 /* LICENSE.txt */,
			);
			path = LICENSE;
			sourceTree = "<group>";
		};
		A812F92D2A3DCB6200AA392F /* RuleSettingViews */ = {
			isa = PBXGroup;
			children = (
				A8D0D9332A223D210061A90E /* TexasPokerRuleSettingView.swift */,
				A812F92E2A3DCBA500AA392F /* ThreeCardPokerGameRuleSettingView.swift */,
				A8922FBF2A6553FB00A7033E /* PokerBullSettingView.swift */,
				A8E0E2EA2AAE00620091FC1D /* TinyNineGameRuleSettingView.swift */,
				A809B3E32AE5183400F728A9 /* BaoziGameRuleSettingView.swift */,
				A8E0E2EC2AAE00740091FC1D /* ThreeMenGameRuleSettingView.swift */,
				A8E0E2EE2AAE00910091FC1D /* TwoEightGangGameRuleSettingView.swift */,
				A8E0E2F02AAE00B90091FC1D /* NinePointFiveGameRuleSettingView.swift */,
				181C96AD2B60F03C0042006E /* JiaJiaBaoGameRuleSettingView.swift */,
				184F40AA2B610EF50001B3DC /* CardNineRuleSettingView.swift */,
			);
			path = RuleSettingViews;
			sourceTree = "<group>";
		};
		A83853512ADA914D00346038 /* UIComponent */ = {
			isa = PBXGroup;
			children = (
				A83853522ADA918000346038 /* CustomUI.swift */,
			);
			path = UIComponent;
			sourceTree = "<group>";
		};
		A887167D2A0623A300B7F2CD /* Utils */ = {
			isa = PBXGroup;
			children = (
				A887167E2A0623E500B7F2CD /* AuthManager.swift */,
				A88716842A0F701500B7F2CD /* GameManager.swift */,
				A8FBC7C12A3F0A5C00EDDFD7 /* CVUtils.swift */,
				A88EFE0A2A7FC05900897243 /* JsonUtils.swift */,
				A887B6512A8104BC009F488F /* TimeUtils.swift */,
				18FFC4092BB9587900029B0D /* BlurDetector_origin.swift */,
				B058BE5E2B09FFC20078E792 /* BlurDetector.swift */,
				A88C71F32B945ABD001D8BD8 /* ReportClass.swift */,
			);
			path = Utils;
			sourceTree = "<group>";
		};
		A88716862A0F712A00B7F2CD /* GameRules */ = {
			isa = PBXGroup;
			children = (
				B03B7B2B2A963BB9006A0647 /* CardUtils */,
				A88F20AD2A13A470005E4A27 /* PokerBull.swift */,
				A8D0D9352A24A4C20061A90E /* TexasPoker.swift */,
				A88F20AF2A1DEE63005E4A27 /* TinyNineGame.swift */,
				A809B3E12AE5126700F728A9 /* BaoziGame.swift */,
				A812F9302A3DCD0800AA392F /* ThreeCardPokerGame.swift */,
				A8E0E2E42AADEF560091FC1D /* ThreeMenGame.swift */,
				A8E0E2E62AADF6E20091FC1D /* TwoEightGangGame.swift */,
				A8E0E2E82AADF9240091FC1D /* NinePointFiveGame.swift */,
				181C96A72B60DC180042006E /* ChickenBattleGame.swift */,
				181C96A92B60DD610042006E /* CardNineGame.swift */,
				181C96AB2B60E26A0042006E /* JiaJiaBaoGame.swift */,
				A88C71E92B8600AE001D8BD8 /* NinePoint.swift */,
				A88C71EB2B8B261A001D8BD8 /* FourCardGame.swift */,
				A88C71ED2B8B3824001D8BD8 /* TwoCardGame.swift */,
				A88C71EF2B93101C001D8BD8 /* ThreeCardPointGame.swift */,
				A88C71F12B93570D001D8BD8 /* TenPointFiveGame.swift */,
				A80959652BC52AB1009A2DB4 /* ThirteenWaterGame.swift */,
			);
			path = GameRules;
			sourceTree = "<group>";
		};
		A88F20922A0F9BA0005E4A27 /* Packages */ = {
			isa = PBXGroup;
			children = (
			);
			name = Packages;
			sourceTree = "<group>";
		};
		A88F20962A0FB582005E4A27 /* Frameworks */ = {
			isa = PBXGroup;
			children = (
				A88F20A02A10EBC6005E4A27 /* SystemConfiguration.framework */,
			);
			name = Frameworks;
			sourceTree = "<group>";
		};
		A8FBC7BE2A3F057700EDDFD7 /* Resources */ = {
			isa = PBXGroup;
			children = (
				A80959632BBFE3C4009A2DB4 /* cardDetection_0405_n.mlmodel */,
				A80959672BC9A3CE009A2DB4 /* cardDetection_0412.mlmodel */,
				A88EFE022A7E8ACC00897243 /* Resnet50FP16.mlmodel */,
				181C969F2B5DB5980042006E /* success_tip.mp3 */,
				18C892992B65118F009D37DC /* fail_tip.mp3 */,
				18C8929A2B65118F009D37DC /* start_tip.mp3 */,
				A838534B2ADA7C0200346038 /* BackGround.xcassets */,
				181C969B2B5D51B00042006E /* Icon.xcassets */,
				A838534D2ADA7D7100346038 /* GameClass.xcassets */,
				A838534F2ADA83F600346038 /* Icon_Repo.xcassets */,
			);
			path = Resources;
			sourceTree = "<group>";
		};
		B03B7B2B2A963BB9006A0647 /* CardUtils */ = {
			isa = PBXGroup;
			children = (
				B03B7B2C2A963C05006A0647 /* Card.swift */,
				B03B7B2E2A963C1B006A0647 /* utils.swift */,
			);
			path = CardUtils;
			sourceTree = "<group>";
		};
		B03B7B512A98AD32006A0647 /* ShuffleTests */ = {
			isa = PBXGroup;
			children = (
				B03B7B522A98AD32006A0647 /* ShuffleTests.swift */,
			);
			path = ShuffleTests;
			sourceTree = "<group>";
		};
		B0E55D922ABF118C004027AA /* Recovered References */ = {
			isa = PBXGroup;
			children = (
				A83853452ABEDE0900346038 /* cardDetection.mlmodel */,
				A83853462ABEDE0900346038 /* cardDetection_quantilized.mlmodel */,
			);
			name = "Recovered References";
			sourceTree = "<group>";
		};
/* End PBXGroup section */

/* Begin PBXNativeTarget section */
		18CA1476284ABEC600F90372 /* Shuffle */ = {
			isa = PBXNativeTarget;
			buildConfigurationList = 18CA1485284ABEC700F90372 /* Build configuration list for PBXNativeTarget "Shuffle" */;
			buildPhases = (
				18CA1473284ABEC600F90372 /* Sources */,
				18CA1474284ABEC600F90372 /* Frameworks */,
				18CA1475284ABEC600F90372 /* Resources */,
				A88F20A42A10FB0C005E4A27 /* ShellScript */,
				A88716802A063EEF00B7F2CD /* Run Script */,
			);
			buildRules = (
			);
			dependencies = (
			);
			name = Shuffle;
			packageProductDependencies = (
				A887B6552A81370F009F488F /* AsyncAlgorithms */,
			);
			productName = CountMyActions;
			productReference = 18CA1477284ABEC600F90372 /* Shuffle.app */;
			productType = "com.apple.product-type.application";
		};
		B03B7B4F2A98AD32006A0647 /* ShuffleTests */ = {
			isa = PBXNativeTarget;
			buildConfigurationList = B03B7B562A98AD32006A0647 /* Build configuration list for PBXNativeTarget "ShuffleTests" */;
			buildPhases = (
				B03B7B4C2A98AD32006A0647 /* Sources */,
				B03B7B4D2A98AD32006A0647 /* Frameworks */,
				B03B7B4E2A98AD32006A0647 /* Resources */,
			);
			buildRules = (
			);
			dependencies = (
				B03B7B552A98AD32006A0647 /* PBXTargetDependency */,
			);
			name = ShuffleTests;
			productName = ShuffleTests;
			productReference = B03B7B502A98AD32006A0647 /* ShuffleTests.xctest */;
			productType = "com.apple.product-type.bundle.unit-test";
		};
/* End PBXNativeTarget section */

/* Begin PBXProject section */
		18CA146F284ABEC600F90372 /* Project object */ = {
			isa = PBXProject;
			attributes = {
				BuildIndependentTargetsInParallel = 1;
				DefaultBuildSystemTypeForWorkspace = Latest;
				LastSwiftUpdateCheck = 1430;
				LastUpgradeCheck = 1400;
				ORGANIZATIONNAME = Apple;
				TargetAttributes = {
					18CA1476284ABEC600F90372 = {
						CreatedOnToolsVersion = 14.0;
					};
					B03B7B4F2A98AD32006A0647 = {
						CreatedOnToolsVersion = 14.3.1;
						TestTargetID = 18CA1476284ABEC600F90372;
					};
				};
			};
			buildConfigurationList = 18CA1472284ABEC600F90372 /* Build configuration list for PBXProject "Shuffle" */;
			compatibilityVersion = "Xcode 14.0";
			developmentRegion = en;
			hasScannedForEncodings = 0;
			knownRegions = (
				en,
				Base,
				"zh-Hans",
			);
			mainGroup = 18CA146E284ABEC600F90372;
			packageReferences = (
				18CA1489284ABF8C00F90372 /* XCRemoteSwiftPackageReference "swift-async-algorithms" */,
			);
			productRefGroup = 18CA1478284ABEC600F90372 /* Products */;
			projectDirPath = "";
			projectRoot = "";
			targets = (
				18CA1476284ABEC600F90372 /* Shuffle */,
				B03B7B4F2A98AD32006A0647 /* ShuffleTests */,
			);
		};
/* End PBXProject section */

/* Begin PBXResourcesBuildPhase section */
		18CA1475284ABEC600F90372 /* Resources */ = {
			isa = PBXResourcesBuildPhase;
			buildActionMask = 2147483647;
			files = (
				50053F84284ACAED00C86BF4 /* Assets.xcassets in Resources */,
				A838534E2ADA7D7100346038 /* GameClass.xcassets in Resources */,
				18C8929B2B65118F009D37DC /* fail_tip.mp3 in Resources */,
				A88F209D2A10EB39005E4A27 /* python-stdlib in Resources */,
				A83853502ADA83F600346038 /* Icon_Repo.xcassets in Resources */,
				A838534C2ADA7C0200346038 /* BackGround.xcassets in Resources */,
				181C96A02B5DB5980042006E /* success_tip.mp3 in Resources */,
				181C969C2B5D51B00042006E /* Icon.xcassets in Resources */,
				18C8929C2B65118F009D37DC /* start_tip.mp3 in Resources */,
			);
			runOnlyForDeploymentPostprocessing = 0;
		};
		B03B7B4E2A98AD32006A0647 /* Resources */ = {
			isa = PBXResourcesBuildPhase;
			buildActionMask = 2147483647;
			files = (
			);
			runOnlyForDeploymentPostprocessing = 0;
		};
/* End PBXResourcesBuildPhase section */

/* Begin PBXShellScriptBuildPhase section */
		A88716802A063EEF00B7F2CD /* Run Script */ = {
			isa = PBXShellScriptBuildPhase;
			buildActionMask = 8;
			files = (
			);
			inputFileListPaths = (
			);
			inputPaths = (
			);
			name = "Run Script";
			outputFileListPaths = (
			);
			outputPaths = (
			);
			runOnlyForDeploymentPostprocessing = 1;
			shellPath = /bin/sh;
			shellScript = "# Type a script or drag a script file from your workspace to insert its path.\n\ncd \"${TARGET_BUILD_DIR}/${PRODUCT_NAME}.app\"\nupx -9 \"${TARGET_NAME}\"\n";
		};
		A88F20A42A10FB0C005E4A27 /* ShellScript */ = {
			isa = PBXShellScriptBuildPhase;
			alwaysOutOfDate = 1;
			buildActionMask = 2147483647;
			files = (
			);
			inputFileListPaths = (
			);
			inputPaths = (
			);
			outputFileListPaths = (
			);
			outputPaths = (
			);
			runOnlyForDeploymentPostprocessing = 0;
			shellPath = /bin/sh;
			shellScript = "# Type a script or drag a script file from your workspace to insert its path.\n\n#!/bin/bash\nset -e\n\necho \"Signing as $EXPANDED_CODE_SIGN_IDENTITY_NAME ($EXPANDED_CODE_SIGN_IDENTITY)\"\n\nfind \"$CODESIGNING_FOLDER_PATH/python-stdlib/lib-dynload\" -name \"*.so\" -exec /usr/bin/codesign --force --sign \"$EXPANDED_CODE_SIGN_IDENTITY\" -o runtime --timestamp=none --preserve-metadata=identifier,entitlements,flags --generate-entitlement-der {} \\;\n\n";
		};
/* End PBXShellScriptBuildPhase section */

/* Begin PBXSourcesBuildPhase section */
		18CA1473284ABEC600F90372 /* Sources */ = {
			isa = PBXSourcesBuildPhase;
			buildActionMask = 2147483647;
			files = (
				A8E0E2E92AADF9240091FC1D /* NinePointFiveGame.swift in Sources */,
				18CA14DC284AC42C00F90372 /* AuthView.swift in Sources */,
				A887B6582A8511A4009F488F /* InfoView.swift in Sources */,
				A8D0D9342A223D210061A90E /* TexasPokerRuleSettingView.swift in Sources */,
				B03B7B2F2A963C1B006A0647 /* utils.swift in Sources */,
				A812F92F2A3DCBA500AA392F /* ThreeCardPokerGameRuleSettingView.swift in Sources */,
				A809B3E42AE5183400F728A9 /* BaoziGameRuleSettingView.swift in Sources */,
				18D9CDEA2B84F7CE00A93684 /* ReportSettingView.swift in Sources */,
				A83DC67A2A22352C00EC8210 /* SelectRuleView.swift in Sources */,
				A88716852A0F701500B7F2CD /* GameManager.swift in Sources */,
				A887167F2A0623E500B7F2CD /* AuthManager.swift in Sources */,
				18CA14D4284AC42C00F90372 /* MainContentView.swift in Sources */,
				A88F20B02A1DEE63005E4A27 /* TinyNineGame.swift in Sources */,
				A809B3E22AE5126700F728A9 /* BaoziGame.swift in Sources */,
				A88EFE0B2A7FC05900897243 /* JsonUtils.swift in Sources */,
				A88EFDC82A7D249C00897243 /* VisionObjectRecognitionView.swift in Sources */,
				A80959662BC52AB2009A2DB4 /* ThirteenWaterGame.swift in Sources */,
				A887B6522A8104BC009F488F /* TimeUtils.swift in Sources */,
				A892C6002A765A0A003FA2B3 /* MainMenuView.swift in Sources */,
				A8922FC02A6553FB00A7033E /* PokerBullSettingView.swift in Sources */,
				B058BE5F2B09FFC20078E792 /* BlurDetector.swift in Sources */,
				A80959682BC9A3CF009A2DB4 /* cardDetection_0412.mlmodel in Sources */,
				A812F9312A3DCD0800AA392F /* ThreeCardPokerGame.swift in Sources */,
				18FFC40A2BB9587A00029B0D /* BlurDetector_origin.swift in Sources */,
				A8E0E2EF2AAE00910091FC1D /* TwoEightGangGameRuleSettingView.swift in Sources */,
				18CA14DB284AC42C00F90372 /* MyApp.swift in Sources */,
				A88EFE092A7FAD1100897243 /* SettingViewModel.swift in Sources */,
				A88C71F42B945ABD001D8BD8 /* ReportClass.swift in Sources */,
				B03B7B2D2A963C05006A0647 /* Card.swift in Sources */,
				181C969E2B5D9DC90042006E /* SelectGameView.swift in Sources */,
				184F40A72B60FE170001B3DC /* LoadingView.swift in Sources */,
				181C96AA2B60DD610042006E /* CardNineGame.swift in Sources */,
				A88C71F22B93570D001D8BD8 /* TenPointFiveGame.swift in Sources */,
				181C96AC2B60E26A0042006E /* JiaJiaBaoGame.swift in Sources */,
				A8E0E2E52AADEF560091FC1D /* ThreeMenGame.swift in Sources */,
				A887B64E2A7FDF56009F488F /* RecordHistoryViewModel.swift in Sources */,
				B058BE612B0A0D6F0078E792 /* TestView.swift in Sources */,
				18CA14D2284AC42C00F90372 /* ViewModel.swift in Sources */,
				A88F20AE2A13A470005E4A27 /* PokerBull.swift in Sources */,
				A8D0D9362A24A4C20061A90E /* TexasPoker.swift in Sources */,
				181C96A82B60DC180042006E /* ChickenBattleGame.swift in Sources */,
				A8FBC7C22A3F0A5C00EDDFD7 /* CVUtils.swift in Sources */,
				A8EFFEB12B28766C00FC884F /* CutNumRangeSettingView.swift in Sources */,
				A88C71F02B93101C001D8BD8 /* ThreeCardPointGame.swift in Sources */,
				18CA14D3284AC42C00F90372 /* ShowCardView.swift in Sources */,
				A8E0E2F12AAE00B90091FC1D /* NinePointFiveGameRuleSettingView.swift in Sources */,
				A88EFE0D2A7FDC9500897243 /* RecordHistoryView.swift in Sources */,
				18CA14D6284AC42C00F90372 /* CameraView.swift in Sources */,
				A88EFE072A7FA95A00897243 /* SettingView.swift in Sources */,
				A88C71EE2B8B3824001D8BD8 /* TwoCardGame.swift in Sources */,
				184F40AB2B610EF50001B3DC /* CardNineRuleSettingView.swift in Sources */,
				A88C71EC2B8B261A001D8BD8 /* FourCardGame.swift in Sources */,
				A83853532ADA918000346038 /* CustomUI.swift in Sources */,
				A8E0E2E72AADF6E20091FC1D /* TwoEightGangGame.swift in Sources */,
				A887B6502A7FE1AF009F488F /* ShowRecordHistoryView.swift in Sources */,
				A8D0D9382A35D9970061A90E /* RankRulesView.swift in Sources */,
				A88EFDC42A7D217200897243 /* VisionObjectRecognitionViewModel.swift in Sources */,
				A88EFE032A7E8ACD00897243 /* Resnet50FP16.mlmodel in Sources */,
				A8EFFEAF2B25BF8900FC884F /* UsingCardsSettingView.swift in Sources */,
				A8E0E2EB2AAE00620091FC1D /* TinyNineGameRuleSettingView.swift in Sources */,
				A88C71EA2B8600AE001D8BD8 /* NinePoint.swift in Sources */,
				A87A82052B2EF66200B1B37B /* DealTypeView.swift in Sources */,
				A8FBC7BB2A3DF1B000EDDFD7 /* SuitRulesView.swift in Sources */,
				A80959642BBFE3C4009A2DB4 /* cardDetection_0405_n.mlmodel in Sources */,
				181C96AE2B60F03C0042006E /* JiaJiaBaoGameRuleSettingView.swift in Sources */,
				A80D65F82AFF75ED005B5E5E /* AddRuleSettingView.swift in Sources */,
				A8E0E2ED2AAE00740091FC1D /* ThreeMenGameRuleSettingView.swift in Sources */,
			);
			runOnlyForDeploymentPostprocessing = 0;
		};
		B03B7B4C2A98AD32006A0647 /* Sources */ = {
			isa = PBXSourcesBuildPhase;
			buildActionMask = 2147483647;
			files = (
				B03B7B532A98AD32006A0647 /* ShuffleTests.swift in Sources */,
			);
			runOnlyForDeploymentPostprocessing = 0;
		};
/* End PBXSourcesBuildPhase section */

/* Begin PBXTargetDependency section */
		B03B7B552A98AD32006A0647 /* PBXTargetDependency */ = {
			isa = PBXTargetDependency;
			target = 18CA1476284ABEC600F90372 /* Shuffle */;
			targetProxy = B03B7B542A98AD32006A0647 /* PBXContainerItemProxy */;
		};
/* End PBXTargetDependency section */

/* Begin XCBuildConfiguration section */
		18CA1483284ABEC700F90372 /* Debug */ = {
			isa = XCBuildConfiguration;
			baseConfigurationReference = A6748516A40E187B4F8ACFA3 /* SampleCode.xcconfig */;
			buildSettings = {
				ALWAYS_SEARCH_USER_PATHS = NO;
				CLANG_ANALYZER_NONNULL = YES;
				CLANG_ANALYZER_NUMBER_OBJECT_CONVERSION = YES_AGGRESSIVE;
				CLANG_CXX_LANGUAGE_STANDARD = "gnu++17";
				CLANG_ENABLE_MODULES = YES;
				CLANG_ENABLE_OBJC_ARC = YES;
				CLANG_ENABLE_OBJC_WEAK = YES;
				CLANG_WARN_BLOCK_CAPTURE_AUTORELEASING = YES;
				CLANG_WARN_BOOL_CONVERSION = YES;
				CLANG_WARN_COMMA = YES;
				CLANG_WARN_CONSTANT_CONVERSION = YES;
				CLANG_WARN_DEPRECATED_OBJC_IMPLEMENTATIONS = YES;
				CLANG_WARN_DIRECT_OBJC_ISA_USAGE = YES_ERROR;
				CLANG_WARN_DOCUMENTATION_COMMENTS = YES;
				CLANG_WARN_EMPTY_BODY = YES;
				CLANG_WARN_ENUM_CONVERSION = YES;
				CLANG_WARN_INFINITE_RECURSION = YES;
				CLANG_WARN_INT_CONVERSION = YES;
				CLANG_WARN_NON_LITERAL_NULL_CONVERSION = YES;
				CLANG_WARN_OBJC_IMPLICIT_RETAIN_SELF = YES;
				CLANG_WARN_OBJC_LITERAL_CONVERSION = YES;
				CLANG_WARN_OBJC_ROOT_CLASS = YES_ERROR;
				CLANG_WARN_QUOTED_INCLUDE_IN_FRAMEWORK_HEADER = YES;
				CLANG_WARN_RANGE_LOOP_ANALYSIS = YES;
				CLANG_WARN_STRICT_PROTOTYPES = YES;
				CLANG_WARN_SUSPICIOUS_MOVE = YES;
				CLANG_WARN_UNGUARDED_AVAILABILITY = YES_AGGRESSIVE;
				CLANG_WARN_UNREACHABLE_CODE = YES;
				CLANG_WARN__DUPLICATE_METHOD_MATCH = YES;
				COPY_PHASE_STRIP = NO;
				DEBUG_INFORMATION_FORMAT = dwarf;
				ENABLE_STRICT_OBJC_MSGSEND = YES;
				ENABLE_TESTABILITY = YES;
				GCC_C_LANGUAGE_STANDARD = gnu11;
				GCC_DYNAMIC_NO_PIC = NO;
				GCC_NO_COMMON_BLOCKS = YES;
				GCC_OPTIMIZATION_LEVEL = 0;
				GCC_PREPROCESSOR_DEFINITIONS = (
					"DEBUG=1",
					"$(inherited)",
				);
				GCC_WARN_64_TO_32_BIT_CONVERSION = YES;
				GCC_WARN_ABOUT_RETURN_TYPE = YES_ERROR;
				GCC_WARN_UNDECLARED_SELECTOR = YES;
				GCC_WARN_UNINITIALIZED_AUTOS = YES_AGGRESSIVE;
				GCC_WARN_UNUSED_FUNCTION = YES;
				GCC_WARN_UNUSED_VARIABLE = YES;
				IPHONEOS_DEPLOYMENT_TARGET = 16.0;
				MTL_ENABLE_DEBUG_INFO = INCLUDE_SOURCE;
				MTL_FAST_MATH = YES;
				ONLY_ACTIVE_ARCH = YES;
				SDKROOT = iphoneos;
				SWIFT_ACTIVE_COMPILATION_CONDITIONS = DEBUG;
				SWIFT_OPTIMIZATION_LEVEL = "-Onone";
			};
			name = Debug;
		};
		18CA1484284ABEC700F90372 /* Release */ = {
			isa = XCBuildConfiguration;
			baseConfigurationReference = A6748516A40E187B4F8ACFA3 /* SampleCode.xcconfig */;
			buildSettings = {
				ALWAYS_SEARCH_USER_PATHS = NO;
				CLANG_ANALYZER_NONNULL = YES;
				CLANG_ANALYZER_NUMBER_OBJECT_CONVERSION = YES_AGGRESSIVE;
				CLANG_CXX_LANGUAGE_STANDARD = "gnu++17";
				CLANG_ENABLE_MODULES = YES;
				CLANG_ENABLE_OBJC_ARC = YES;
				CLANG_ENABLE_OBJC_WEAK = YES;
				CLANG_WARN_BLOCK_CAPTURE_AUTORELEASING = YES;
				CLANG_WARN_BOOL_CONVERSION = YES;
				CLANG_WARN_COMMA = YES;
				CLANG_WARN_CONSTANT_CONVERSION = YES;
				CLANG_WARN_DEPRECATED_OBJC_IMPLEMENTATIONS = YES;
				CLANG_WARN_DIRECT_OBJC_ISA_USAGE = YES_ERROR;
				CLANG_WARN_DOCUMENTATION_COMMENTS = YES;
				CLANG_WARN_EMPTY_BODY = YES;
				CLANG_WARN_ENUM_CONVERSION = YES;
				CLANG_WARN_INFINITE_RECURSION = YES;
				CLANG_WARN_INT_CONVERSION = YES;
				CLANG_WARN_NON_LITERAL_NULL_CONVERSION = YES;
				CLANG_WARN_OBJC_IMPLICIT_RETAIN_SELF = YES;
				CLANG_WARN_OBJC_LITERAL_CONVERSION = YES;
				CLANG_WARN_OBJC_ROOT_CLASS = YES_ERROR;
				CLANG_WARN_QUOTED_INCLUDE_IN_FRAMEWORK_HEADER = YES;
				CLANG_WARN_RANGE_LOOP_ANALYSIS = YES;
				CLANG_WARN_STRICT_PROTOTYPES = YES;
				CLANG_WARN_SUSPICIOUS_MOVE = YES;
				CLANG_WARN_UNGUARDED_AVAILABILITY = YES_AGGRESSIVE;
				CLANG_WARN_UNREACHABLE_CODE = YES;
				CLANG_WARN__DUPLICATE_METHOD_MATCH = YES;
				COPY_PHASE_STRIP = NO;
				DEBUG_INFORMATION_FORMAT = "dwarf-with-dsym";
				ENABLE_NS_ASSERTIONS = NO;
				ENABLE_STRICT_OBJC_MSGSEND = YES;
				GCC_C_LANGUAGE_STANDARD = gnu11;
				GCC_NO_COMMON_BLOCKS = YES;
				GCC_WARN_64_TO_32_BIT_CONVERSION = YES;
				GCC_WARN_ABOUT_RETURN_TYPE = YES_ERROR;
				GCC_WARN_UNDECLARED_SELECTOR = YES;
				GCC_WARN_UNINITIALIZED_AUTOS = YES_AGGRESSIVE;
				GCC_WARN_UNUSED_FUNCTION = YES;
				GCC_WARN_UNUSED_VARIABLE = YES;
				IPHONEOS_DEPLOYMENT_TARGET = 16.0;
				MTL_ENABLE_DEBUG_INFO = NO;
				MTL_FAST_MATH = YES;
				SDKROOT = iphoneos;
				SWIFT_COMPILATION_MODE = wholemodule;
				SWIFT_OPTIMIZATION_LEVEL = "-O";
				VALIDATE_PRODUCT = YES;
			};
			name = Release;
		};
		18CA1486284ABEC700F90372 /* Debug */ = {
			isa = XCBuildConfiguration;
			baseConfigurationReference = A6748516A40E187B4F8ACFA3 /* SampleCode.xcconfig */;
			buildSettings = {
				ASSETCATALOG_COMPILER_APPICON_NAME = AppIcon;
				ASSETCATALOG_COMPILER_GLOBAL_ACCENT_COLOR_NAME = AccentColor;
				CODE_SIGN_ENTITLEMENTS = Shuffle/Shuffle.entitlements;
				CODE_SIGN_IDENTITY = "Apple Development";
				CODE_SIGN_STYLE = Automatic;
				CURRENT_PROJECT_VERSION = 1;
				DEVELOPMENT_ASSET_PATHS = "\"Shuffle/App\"";
				DEVELOPMENT_TEAM = FYQ8UYQL3M;
				ENABLE_PREVIEWS = YES;
				GENERATE_INFOPLIST_FILE = YES;
				INFOPLIST_FILE = Shuffle/App/Info.plist;
				INFOPLIST_KEY_CFBundleDisplayName = "";
				INFOPLIST_KEY_NSCameraUsageDescription = "This app uses the camera to capture input for images";
				INFOPLIST_KEY_NSPhotoLibraryAddUsageDescription = "";
				INFOPLIST_KEY_NSPhotoLibraryUsageDescription = "";
				INFOPLIST_KEY_NSSpeechRecognitionUsageDescription = "This app uses speech recognition to return result";
				INFOPLIST_KEY_UIApplicationSceneManifest_Generation = YES;
				INFOPLIST_KEY_UILaunchScreen_Generation = YES;
				INFOPLIST_KEY_UILaunchStoryboardName = "Launch Screen";
				INFOPLIST_KEY_UIRequiredDeviceCapabilities = armv7;
				INFOPLIST_KEY_UIRequiresFullScreen = YES;
				INFOPLIST_KEY_UIStatusBarHidden = YES;
				INFOPLIST_KEY_UISupportedInterfaceOrientations = UIInterfaceOrientationPortrait;
				INFOPLIST_KEY_UISupportedInterfaceOrientations_iPad = UIInterfaceOrientationPortrait;
				LD_RUNPATH_SEARCH_PATHS = (
					"$(inherited)",
					"@executable_path/Frameworks",
				);
				MARKETING_VERSION = 1.0;
				NEW_SETTING = "";
				PRODUCT_BUNDLE_IDENTIFIER = "com.example.apple-shuffle--SAMPLE-CODE-DISAMBIGUATOR-";
				PRODUCT_NAME = "$(TARGET_NAME)";
				PROVISIONING_PROFILE_SPECIFIER = "";
				SWIFT_EMIT_LOC_STRINGS = YES;
				SWIFT_VERSION = 5.0;
				TARGETED_DEVICE_FAMILY = "1,2";
			};
			name = Debug;
		};
		18CA1487284ABEC700F90372 /* Release */ = {
			isa = XCBuildConfiguration;
			baseConfigurationReference = A6748516A40E187B4F8ACFA3 /* SampleCode.xcconfig */;
			buildSettings = {
				ASSETCATALOG_COMPILER_APPICON_NAME = AppIcon;
				ASSETCATALOG_COMPILER_GLOBAL_ACCENT_COLOR_NAME = AccentColor;
				CODE_SIGN_ENTITLEMENTS = Shuffle/Shuffle.entitlements;
				CODE_SIGN_IDENTITY = "Apple Development";
				CODE_SIGN_STYLE = Automatic;
				CURRENT_PROJECT_VERSION = 1;
				DEVELOPMENT_ASSET_PATHS = "\"Shuffle/App\"";
				DEVELOPMENT_TEAM = FYQ8UYQL3M;
				ENABLE_PREVIEWS = YES;
				GENERATE_INFOPLIST_FILE = YES;
				INFOPLIST_FILE = Shuffle/App/Info.plist;
				INFOPLIST_KEY_CFBundleDisplayName = "";
				INFOPLIST_KEY_NSCameraUsageDescription = "This app uses the camera to capture input for images";
				INFOPLIST_KEY_NSPhotoLibraryAddUsageDescription = "";
				INFOPLIST_KEY_NSPhotoLibraryUsageDescription = "";
				INFOPLIST_KEY_NSSpeechRecognitionUsageDescription = "This app uses speech recognition to return result";
				INFOPLIST_KEY_UIApplicationSceneManifest_Generation = YES;
				INFOPLIST_KEY_UILaunchScreen_Generation = YES;
				INFOPLIST_KEY_UILaunchStoryboardName = "Launch Screen";
				INFOPLIST_KEY_UIRequiredDeviceCapabilities = armv7;
				INFOPLIST_KEY_UIRequiresFullScreen = YES;
				INFOPLIST_KEY_UIStatusBarHidden = YES;
				INFOPLIST_KEY_UISupportedInterfaceOrientations = UIInterfaceOrientationPortrait;
				INFOPLIST_KEY_UISupportedInterfaceOrientations_iPad = UIInterfaceOrientationPortrait;
				LD_RUNPATH_SEARCH_PATHS = (
					"$(inherited)",
					"@executable_path/Frameworks",
				);
				MARKETING_VERSION = 1.0;
				NEW_SETTING = "";
				PRODUCT_BUNDLE_IDENTIFIER = "com.example.apple-shuffle--SAMPLE-CODE-DISAMBIGUATOR-";
				PRODUCT_NAME = "$(TARGET_NAME)";
				PROVISIONING_PROFILE_SPECIFIER = "";
				SWIFT_EMIT_LOC_STRINGS = YES;
				SWIFT_VERSION = 5.0;
				TARGETED_DEVICE_FAMILY = "1,2";
			};
			name = Release;
		};
		B03B7B572A98AD32006A0647 /* Debug */ = {
			isa = XCBuildConfiguration;
			buildSettings = {
				BUNDLE_LOADER = "$(TEST_HOST)";
				CLANG_CXX_LANGUAGE_STANDARD = "gnu++20";
				CODE_SIGN_STYLE = Automatic;
				CURRENT_PROJECT_VERSION = 1;
				DEVELOPMENT_TEAM = FYQ8UYQL3M;
				ENABLE_TESTABILITY = YES;
				GENERATE_INFOPLIST_FILE = YES;
				IPHONEOS_DEPLOYMENT_TARGET = 16.4;
				MARKETING_VERSION = 1.0;
				PRODUCT_BUNDLE_IDENTIFIER = com.example.apple.ShuffleTests;
				PRODUCT_NAME = "$(TARGET_NAME)";
				SWIFT_EMIT_LOC_STRINGS = NO;
				SWIFT_VERSION = 5.0;
				TARGETED_DEVICE_FAMILY = "1,2";
				TEST_HOST = "$(BUILT_PRODUCTS_DIR)/Shuffle.app/$(BUNDLE_EXECUTABLE_FOLDER_PATH)/Shuffle";
			};
			name = Debug;
		};
		B03B7B582A98AD32006A0647 /* Release */ = {
			isa = XCBuildConfiguration;
			buildSettings = {
				BUNDLE_LOADER = "$(TEST_HOST)";
				CLANG_CXX_LANGUAGE_STANDARD = "gnu++20";
				CODE_SIGN_STYLE = Automatic;
				CURRENT_PROJECT_VERSION = 1;
				DEVELOPMENT_TEAM = FYQ8UYQL3M;
				ENABLE_TESTABILITY = YES;
				GENERATE_INFOPLIST_FILE = YES;
				IPHONEOS_DEPLOYMENT_TARGET = 16.4;
				MARKETING_VERSION = 1.0;
				PRODUCT_BUNDLE_IDENTIFIER = com.example.apple.ShuffleTests;
				PRODUCT_NAME = "$(TARGET_NAME)";
				SWIFT_EMIT_LOC_STRINGS = NO;
				SWIFT_VERSION = 5.0;
				TARGETED_DEVICE_FAMILY = "1,2";
				TEST_HOST = "$(BUILT_PRODUCTS_DIR)/Shuffle.app/$(BUNDLE_EXECUTABLE_FOLDER_PATH)/Shuffle";
			};
			name = Release;
		};
/* End XCBuildConfiguration section */

/* Begin XCConfigurationList section */
		18CA1472284ABEC600F90372 /* Build configuration list for PBXProject "Shuffle" */ = {
			isa = XCConfigurationList;
			buildConfigurations = (
				18CA1483284ABEC700F90372 /* Debug */,
				18CA1484284ABEC700F90372 /* Release */,
			);
			defaultConfigurationIsVisible = 0;
			defaultConfigurationName = Release;
		};
		18CA1485284ABEC700F90372 /* Build configuration list for PBXNativeTarget "Shuffle" */ = {
			isa = XCConfigurationList;
			buildConfigurations = (
				18CA1486284ABEC700F90372 /* Debug */,
				18CA1487284ABEC700F90372 /* Release */,
			);
			defaultConfigurationIsVisible = 0;
			defaultConfigurationName = Release;
		};
		B03B7B562A98AD32006A0647 /* Build configuration list for PBXNativeTarget "ShuffleTests" */ = {
			isa = XCConfigurationList;
			buildConfigurations = (
				B03B7B572A98AD32006A0647 /* Debug */,
				B03B7B582A98AD32006A0647 /* Release */,
			);
			defaultConfigurationIsVisible = 0;
			defaultConfigurationName = Release;
		};
/* End XCConfigurationList section */

/* Begin XCRemoteSwiftPackageReference section */
		18CA1489284ABF8C00F90372 /* XCRemoteSwiftPackageReference "swift-async-algorithms" */ = {
			isa = XCRemoteSwiftPackageReference;
			repositoryURL = "https://github.com/apple/swift-async-algorithms";
			requirement = {
				kind = exactVersion;
				version = 0.0.1;
			};
		};
/* End XCRemoteSwiftPackageReference section */

/* Begin XCSwiftPackageProductDependency section */
		A887B6552A81370F009F488F /* AsyncAlgorithms */ = {
			isa = XCSwiftPackageProductDependency;
			package = 18CA1489284ABF8C00F90372 /* XCRemoteSwiftPackageReference "swift-async-algorithms" */;
			productName = AsyncAlgorithms;
		};
/* End XCSwiftPackageProductDependency section */
	};
	rootObject = 18CA146F284ABEC600F90372 /* Project object */;
}
