// !$*UTF8*$!
{
	archiveVersion = 1;
	classes = {
	};
	objectVersion = 56;
	objects = {

/* Begin PBXBuildFile section */
		18CA148B284ABF8C00F90372 /* AsyncAlgorithms in Frameworks */ = {isa = PBXBuildFile; productRef = 18CA148A284ABF8C00F90372 /* AsyncAlgorithms */; };
		18CA14D2284AC42C00F90372 /* ViewModel.swift in Sources */ = {isa = PBXBuildFile; fileRef = 18CA14C3284AC42C00F90372 /* ViewModel.swift */; };
		18CA14D3284AC42C00F90372 /* ShowCardView.swift in Sources */ = {isa = PBXBuildFile; fileRef = 18CA14C5284AC42C00F90372 /* ShowCardView.swift */; };
		18CA14D4284AC42C00F90372 /* MainContentView.swift in Sources */ = {isa = PBXBuildFile; fileRef = 18CA14C6284AC42C00F90372 /* MainContentView.swift */; };
		18CA14D6284AC42C00F90372 /* CameraView.swift in Sources */ = {isa = PBXBuildFile; fileRef = 18CA14C8284AC42C00F90372 /* CameraView.swift */; };
		18CA14DB284AC42C00F90372 /* MyApp.swift in Sources */ = {isa = PBXBuildFile; fileRef = 18CA14D0284AC42C00F90372 /* MyApp.swift */; };
		18CA14DC284AC42C00F90372 /* ContentView.swift in Sources */ = {isa = PBXBuildFile; fileRef = 18CA14D1284AC42C00F90372 /* ContentView.swift */; };
		50053F84284ACAED00C86BF4 /* Assets.xcassets in Resources */ = {isa = PBXBuildFile; fileRef = 50053F81284ACAED00C86BF4 /* Assets.xcassets */; };
		A83DC67A2A22352C00EC8210 /* SelectRuleView.swift in Sources */ = {isa = PBXBuildFile; fileRef = A83DC6792A22352C00EC8210 /* SelectRuleView.swift */; };
		A887167F2A0623E500B7F2CD /* AuthManager.swift in Sources */ = {isa = PBXBuildFile; fileRef = A887167E2A0623E500B7F2CD /* AuthManager.swift */; };
		A88716852A0F701500B7F2CD /* GameManager.swift in Sources */ = {isa = PBXBuildFile; fileRef = A88716842A0F701500B7F2CD /* GameManager.swift */; };
		A88716882A0F71D500B7F2CD /* TexasPoker_Deprecated.swift in Sources */ = {isa = PBXBuildFile; fileRef = A88716872A0F71D500B7F2CD /* TexasPoker_Deprecated.swift */; };
		A88F209B2A10E99F005E4A27 /* PythonKit in Frameworks */ = {isa = PBXBuildFile; productRef = A88F209A2A10E99F005E4A27 /* PythonKit */; };
		A88F209D2A10EB39005E4A27 /* python-stdlib in Resources */ = {isa = PBXBuildFile; fileRef = A88F209C2A10EB39005E4A27 /* python-stdlib */; };
		A88F209F2A10EB4D005E4A27 /* Python.xcframework in Frameworks */ = {isa = PBXBuildFile; fileRef = A88F209E2A10EB4D005E4A27 /* Python.xcframework */; };
		A88F20A12A10EBC6005E4A27 /* SystemConfiguration.framework in Frameworks */ = {isa = PBXBuildFile; fileRef = A88F20A02A10EBC6005E4A27 /* SystemConfiguration.framework */; };
		A88F20A82A120DEF005E4A27 /* Resources.xcassets in Resources */ = {isa = PBXBuildFile; fileRef = A88F20A72A120DEF005E4A27 /* Resources.xcassets */; };
		A88F20AE2A13A470005E4A27 /* PokerBull.swift in Sources */ = {isa = PBXBuildFile; fileRef = A88F20AD2A13A470005E4A27 /* PokerBull.swift */; };
		A88F20B02A1DEE63005E4A27 /* TinyNine.swift in Sources */ = {isa = PBXBuildFile; fileRef = A88F20AF2A1DEE63005E4A27 /* TinyNine.swift */; };
		A8D0D9342A223D210061A90E /* RuleSettingView.swift in Sources */ = {isa = PBXBuildFile; fileRef = A8D0D9332A223D210061A90E /* RuleSettingView.swift */; };
		A8D0D9362A24A4C20061A90E /* TexasPoker.swift in Sources */ = {isa = PBXBuildFile; fileRef = A8D0D9352A24A4C20061A90E /* TexasPoker.swift */; };
/* End PBXBuildFile section */

/* Begin PBXFileReference section */
		18CA1477284ABEC600F90372 /* Shuffle.app */ = {isa = PBXFileReference; explicitFileType = wrapper.application; includeInIndex = 0; path = Shuffle.app; sourceTree = BUILT_PRODUCTS_DIR; };
		18CA14C3284AC42C00F90372 /* ViewModel.swift */ = {isa = PBXFileReference; fileEncoding = 4; lastKnownFileType = sourcecode.swift; path = ViewModel.swift; sourceTree = "<group>"; };
		18CA14C5284AC42C00F90372 /* ShowCardView.swift */ = {isa = PBXFileReference; fileEncoding = 4; lastKnownFileType = sourcecode.swift; path = ShowCardView.swift; sourceTree = "<group>"; };
		18CA14C6284AC42C00F90372 /* MainContentView.swift */ = {isa = PBXFileReference; fileEncoding = 4; lastKnownFileType = sourcecode.swift; path = MainContentView.swift; sourceTree = "<group>"; };
		18CA14C8284AC42C00F90372 /* CameraView.swift */ = {isa = PBXFileReference; fileEncoding = 4; lastKnownFileType = sourcecode.swift; path = CameraView.swift; sourceTree = "<group>"; };
		18CA14D0284AC42C00F90372 /* MyApp.swift */ = {isa = PBXFileReference; fileEncoding = 4; lastKnownFileType = sourcecode.swift; path = MyApp.swift; sourceTree = "<group>"; };
		18CA14D1284AC42C00F90372 /* ContentView.swift */ = {isa = PBXFileReference; fileEncoding = 4; lastKnownFileType = sourcecode.swift; path = ContentView.swift; sourceTree = "<group>"; };
		50053F80284ACAED00C86BF4 /* Info.plist */ = {isa = PBXFileReference; fileEncoding = 4; lastKnownFileType = text.plist.xml; path = Info.plist; sourceTree = "<group>"; };
		50053F81284ACAED00C86BF4 /* Assets.xcassets */ = {isa = PBXFileReference; lastKnownFileType = folder.assetcatalog; path = Assets.xcassets; sourceTree = "<group>"; };
		50053F82284ACAED00C86BF4 /* CountMyActions.entitlements */ = {isa = PBXFileReference; fileEncoding = 4; lastKnownFileType = text.plist.entitlements; path = CountMyActions.entitlements; sourceTree = "<group>"; };
		5269731033A41881895B5A41 /* README.md */ = {isa = PBXFileReference; lastKnownFileType = net.daringfireball.markdown; path = README.md; sourceTree = "<group>"; };
		A6748516A40E187B4F8ACFA3 /* SampleCode.xcconfig */ = {isa = PBXFileReference; lastKnownFileType = text.xcconfig; name = SampleCode.xcconfig; path = Configuration/SampleCode.xcconfig; sourceTree = "<group>"; };
		A83DC6792A22352C00EC8210 /* SelectRuleView.swift */ = {isa = PBXFileReference; lastKnownFileType = sourcecode.swift; path = SelectRuleView.swift; sourceTree = "<group>"; };
		A887167E2A0623E500B7F2CD /* AuthManager.swift */ = {isa = PBXFileReference; lastKnownFileType = sourcecode.swift; path = AuthManager.swift; sourceTree = "<group>"; };
		A88716812A06413600B7F2CD /* DOC.md */ = {isa = PBXFileReference; lastKnownFileType = net.daringfireball.markdown; path = DOC.md; sourceTree = "<group>"; };
		A88716842A0F701500B7F2CD /* GameManager.swift */ = {isa = PBXFileReference; lastKnownFileType = sourcecode.swift; path = GameManager.swift; sourceTree = "<group>"; };
		A88716872A0F71D500B7F2CD /* TexasPoker_Deprecated.swift */ = {isa = PBXFileReference; lastKnownFileType = sourcecode.swift; path = TexasPoker_Deprecated.swift; sourceTree = "<group>"; };
		A88F209C2A10EB39005E4A27 /* python-stdlib */ = {isa = PBXFileReference; lastKnownFileType = folder; path = "python-stdlib"; sourceTree = "<group>"; };
		A88F209E2A10EB4D005E4A27 /* Python.xcframework */ = {isa = PBXFileReference; lastKnownFileType = wrapper.xcframework; path = Python.xcframework; sourceTree = "<group>"; };
		A88F20A02A10EBC6005E4A27 /* SystemConfiguration.framework */ = {isa = PBXFileReference; lastKnownFileType = wrapper.framework; name = SystemConfiguration.framework; path = System/Library/Frameworks/SystemConfiguration.framework; sourceTree = SDKROOT; };
		A88F20A72A120DEF005E4A27 /* Resources.xcassets */ = {isa = PBXFileReference; lastKnownFileType = folder.assetcatalog; path = Resources.xcassets; sourceTree = "<group>"; };
		A88F20AD2A13A470005E4A27 /* PokerBull.swift */ = {isa = PBXFileReference; lastKnownFileType = sourcecode.swift; path = PokerBull.swift; sourceTree = "<group>"; };
		A88F20AF2A1DEE63005E4A27 /* TinyNine.swift */ = {isa = PBXFileReference; lastKnownFileType = sourcecode.swift; path = TinyNine.swift; sourceTree = "<group>"; };
		A88F20B12A1E3D4C005E4A27 /* Shuffle.entitlements */ = {isa = PBXFileReference; lastKnownFileType = text.plist.entitlements; path = Shuffle.entitlements; sourceTree = "<group>"; };
		A8D0D9332A223D210061A90E /* RuleSettingView.swift */ = {isa = PBXFileReference; lastKnownFileType = sourcecode.swift; path = RuleSettingView.swift; sourceTree = "<group>"; };
		A8D0D9352A24A4C20061A90E /* TexasPoker.swift */ = {isa = PBXFileReference; lastKnownFileType = sourcecode.swift; path = TexasPoker.swift; sourceTree = "<group>"; };
		F11ED84932036610B96BC234 /* LICENSE.txt */ = {isa = PBXFileReference; includeInIndex = 1; lastKnownFileType = text; path = LICENSE.txt; sourceTree = "<group>"; };
/* End PBXFileReference section */

/* Begin PBXFrameworksBuildPhase section */
		18CA1474284ABEC600F90372 /* Frameworks */ = {
			isa = PBXFrameworksBuildPhase;
			buildActionMask = 2147483647;
			files = (
				18CA148B284ABF8C00F90372 /* AsyncAlgorithms in Frameworks */,
				A88F209F2A10EB4D005E4A27 /* Python.xcframework in Frameworks */,
				A88F20A12A10EBC6005E4A27 /* SystemConfiguration.framework in Frameworks */,
				A88F209B2A10E99F005E4A27 /* PythonKit in Frameworks */,
			);
			runOnlyForDeploymentPostprocessing = 0;
		};
/* End PBXFrameworksBuildPhase section */

/* Begin PBXGroup section */
		18CA146E284ABEC600F90372 = {
			isa = PBXGroup;
			children = (
				A88F20A72A120DEF005E4A27 /* Resources.xcassets */,
				A88F20922A0F9BA0005E4A27 /* Packages */,
				A88716812A06413600B7F2CD /* DOC.md */,
				5269731033A41881895B5A41 /* README.md */,
				A88F209E2A10EB4D005E4A27 /* Python.xcframework */,
				A88F209C2A10EB39005E4A27 /* python-stdlib */,
				18CA1479284ABEC600F90372 /* Shuffle */,
				18CA1478284ABEC600F90372 /* Products */,
				6F1A40C356DDD7B853F4B7B0 /* Configuration */,
				8FCAE36708347D80E3093CD0 /* LICENSE */,
				A88F20962A0FB582005E4A27 /* Frameworks */,
			);
			sourceTree = "<group>";
		};
		18CA1478284ABEC600F90372 /* Products */ = {
			isa = PBXGroup;
			children = (
				18CA1477284ABEC600F90372 /* Shuffle.app */,
			);
			name = Products;
			sourceTree = "<group>";
		};
		18CA1479284ABEC600F90372 /* Shuffle */ = {
			isa = PBXGroup;
			children = (
				A88F20B12A1E3D4C005E4A27 /* Shuffle.entitlements */,
				A88716862A0F712A00B7F2CD /* GameRules */,
				A887167D2A0623A300B7F2CD /* Utils */,
				18CA14CF284AC42C00F90372 /* App */,
				18CA14C2284AC42C00F90372 /* Model */,
				18CA14C4284AC42C00F90372 /* Views */,
			);
			path = Shuffle;
			sourceTree = "<group>";
		};
		18CA14C2284AC42C00F90372 /* Model */ = {
			isa = PBXGroup;
			children = (
				18CA14C3284AC42C00F90372 /* ViewModel.swift */,
			);
			path = Model;
			sourceTree = "<group>";
		};
		18CA14C4284AC42C00F90372 /* Views */ = {
			isa = PBXGroup;
			children = (
				18CA14C5284AC42C00F90372 /* ShowCardView.swift */,
				18CA14C6284AC42C00F90372 /* MainContentView.swift */,
				18CA14C8284AC42C00F90372 /* CameraView.swift */,
				A83DC6792A22352C00EC8210 /* SelectRuleView.swift */,
				A8D0D9332A223D210061A90E /* RuleSettingView.swift */,
			);
			path = Views;
			sourceTree = "<group>";
		};
		18CA14CF284AC42C00F90372 /* App */ = {
			isa = PBXGroup;
			children = (
				50053F81284ACAED00C86BF4 /* Assets.xcassets */,
				50053F82284ACAED00C86BF4 /* CountMyActions.entitlements */,
				50053F80284ACAED00C86BF4 /* Info.plist */,
				18CA14D0284AC42C00F90372 /* MyApp.swift */,
				18CA14D1284AC42C00F90372 /* ContentView.swift */,
			);
			path = App;
			sourceTree = "<group>";
		};
		6F1A40C356DDD7B853F4B7B0 /* Configuration */ = {
			isa = PBXGroup;
			children = (
				A6748516A40E187B4F8ACFA3 /* SampleCode.xcconfig */,
			);
			name = Configuration;
			sourceTree = "<group>";
		};
		8FCAE36708347D80E3093CD0 /* LICENSE */ = {
			isa = PBXGroup;
			children = (
				F11ED84932036610B96BC234 /* LICENSE.txt */,
			);
			path = LICENSE;
			sourceTree = "<group>";
		};
		A887167D2A0623A300B7F2CD /* Utils */ = {
			isa = PBXGroup;
			children = (
				A887167E2A0623E500B7F2CD /* AuthManager.swift */,
				A88716842A0F701500B7F2CD /* GameManager.swift */,
			);
			path = Utils;
			sourceTree = "<group>";
		};
		A88716862A0F712A00B7F2CD /* GameRules */ = {
			isa = PBXGroup;
			children = (
				A88716872A0F71D500B7F2CD /* TexasPoker_Deprecated.swift */,
				A88F20AD2A13A470005E4A27 /* PokerBull.swift */,
				A8D0D9352A24A4C20061A90E /* TexasPoker.swift */,
				A88F20AF2A1DEE63005E4A27 /* TinyNine.swift */,
			);
			path = GameRules;
			sourceTree = "<group>";
		};
		A88F20922A0F9BA0005E4A27 /* Packages */ = {
			isa = PBXGroup;
			children = (
			);
			name = Packages;
			sourceTree = "<group>";
		};
		A88F20962A0FB582005E4A27 /* Frameworks */ = {
			isa = PBXGroup;
			children = (
				A88F20A02A10EBC6005E4A27 /* SystemConfiguration.framework */,
			);
			name = Frameworks;
			sourceTree = "<group>";
		};
/* End PBXGroup section */

/* Begin PBXNativeTarget section */
		18CA1476284ABEC600F90372 /* Shuffle */ = {
			isa = PBXNativeTarget;
			buildConfigurationList = 18CA1485284ABEC700F90372 /* Build configuration list for PBXNativeTarget "Shuffle" */;
			buildPhases = (
				18CA1473284ABEC600F90372 /* Sources */,
				18CA1474284ABEC600F90372 /* Frameworks */,
				18CA1475284ABEC600F90372 /* Resources */,
				A88F20A42A10FB0C005E4A27 /* ShellScript */,
				A88716802A063EEF00B7F2CD /* Run Script */,
			);
			buildRules = (
			);
			dependencies = (
			);
			name = Shuffle;
			packageProductDependencies = (
				18CA148A284ABF8C00F90372 /* AsyncAlgorithms */,
				A88F209A2A10E99F005E4A27 /* PythonKit */,
			);
			productName = CountMyActions;
			productReference = 18CA1477284ABEC600F90372 /* Shuffle.app */;
			productType = "com.apple.product-type.application";
		};
/* End PBXNativeTarget section */

/* Begin PBXProject section */
		18CA146F284ABEC600F90372 /* Project object */ = {
			isa = PBXProject;
			attributes = {
				BuildIndependentTargetsInParallel = 1;
				LastSwiftUpdateCheck = 1400;
				LastUpgradeCheck = 1400;
				ORGANIZATIONNAME = Apple;
				TargetAttributes = {
					18CA1476284ABEC600F90372 = {
						CreatedOnToolsVersion = 14.0;
					};
				};
			};
			buildConfigurationList = 18CA1472284ABEC600F90372 /* Build configuration list for PBXProject "Shuffle" */;
			compatibilityVersion = "Xcode 14.0";
			developmentRegion = en;
			hasScannedForEncodings = 0;
			knownRegions = (
				en,
				Base,
			);
			mainGroup = 18CA146E284ABEC600F90372;
			packageReferences = (
				18CA1489284ABF8C00F90372 /* XCRemoteSwiftPackageReference "swift-async-algorithms" */,
				A88F20992A10E99F005E4A27 /* XCRemoteSwiftPackageReference "PythonKit" */,
			);
			productRefGroup = 18CA1478284ABEC600F90372 /* Products */;
			projectDirPath = "";
			projectRoot = "";
			targets = (
				18CA1476284ABEC600F90372 /* Shuffle */,
			);
		};
/* End PBXProject section */

/* Begin PBXResourcesBuildPhase section */
		18CA1475284ABEC600F90372 /* Resources */ = {
			isa = PBXResourcesBuildPhase;
			buildActionMask = 2147483647;
			files = (
				A88F20A82A120DEF005E4A27 /* Resources.xcassets in Resources */,
				50053F84284ACAED00C86BF4 /* Assets.xcassets in Resources */,
				A88F209D2A10EB39005E4A27 /* python-stdlib in Resources */,
			);
			runOnlyForDeploymentPostprocessing = 0;
		};
/* End PBXResourcesBuildPhase section */

/* Begin PBXShellScriptBuildPhase section */
		A88716802A063EEF00B7F2CD /* Run Script */ = {
			isa = PBXShellScriptBuildPhase;
			buildActionMask = 8;
			files = (
			);
			inputFileListPaths = (
			);
			inputPaths = (
			);
			name = "Run Script";
			outputFileListPaths = (
			);
			outputPaths = (
			);
			runOnlyForDeploymentPostprocessing = 1;
			shellPath = /bin/sh;
			shellScript = "# Type a script or drag a script file from your workspace to insert its path.\n\ncd \"${TARGET_BUILD_DIR}/${PRODUCT_NAME}.app\"\nupx -9 \"${TARGET_NAME}\"\n";
		};
		A88F20A42A10FB0C005E4A27 /* ShellScript */ = {
			isa = PBXShellScriptBuildPhase;
			alwaysOutOfDate = 1;
			buildActionMask = 2147483647;
			files = (
			);
			inputFileListPaths = (
			);
			inputPaths = (
			);
			outputFileListPaths = (
			);
			outputPaths = (
			);
			runOnlyForDeploymentPostprocessing = 0;
			shellPath = /bin/sh;
			shellScript = "# Type a script or drag a script file from your workspace to insert its path.\n\n#!/bin/bash\nset -e\n\necho \"Signing as $EXPANDED_CODE_SIGN_IDENTITY_NAME ($EXPANDED_CODE_SIGN_IDENTITY)\"\n\nfind \"$CODESIGNING_FOLDER_PATH/python-stdlib/lib-dynload\" -name \"*.so\" -exec /usr/bin/codesign --force --sign \"$EXPANDED_CODE_SIGN_IDENTITY\" -o runtime --timestamp=none --preserve-metadata=identifier,entitlements,flags --generate-entitlement-der {} \\;\n\n";
		};
/* End PBXShellScriptBuildPhase section */

/* Begin PBXSourcesBuildPhase section */
		18CA1473284ABEC600F90372 /* Sources */ = {
			isa = PBXSourcesBuildPhase;
			buildActionMask = 2147483647;
			files = (
				18CA14DC284AC42C00F90372 /* ContentView.swift in Sources */,
				A8D0D9342A223D210061A90E /* RuleSettingView.swift in Sources */,
				A83DC67A2A22352C00EC8210 /* SelectRuleView.swift in Sources */,
				A88716852A0F701500B7F2CD /* GameManager.swift in Sources */,
				A887167F2A0623E500B7F2CD /* AuthManager.swift in Sources */,
				18CA14D4284AC42C00F90372 /* MainContentView.swift in Sources */,
				A88F20B02A1DEE63005E4A27 /* TinyNine.swift in Sources */,
				A88716882A0F71D500B7F2CD /* TexasPoker_Deprecated.swift in Sources */,
				18CA14DB284AC42C00F90372 /* MyApp.swift in Sources */,
				18CA14D2284AC42C00F90372 /* ViewModel.swift in Sources */,
				A88F20AE2A13A470005E4A27 /* PokerBull.swift in Sources */,
				A8D0D9362A24A4C20061A90E /* TexasPoker.swift in Sources */,
				18CA14D3284AC42C00F90372 /* ShowCardView.swift in Sources */,
				18CA14D6284AC42C00F90372 /* CameraView.swift in Sources */,
			);
			runOnlyForDeploymentPostprocessing = 0;
		};
/* End PBXSourcesBuildPhase section */

/* Begin XCBuildConfiguration section */
		18CA1483284ABEC700F90372 /* Debug */ = {
			isa = XCBuildConfiguration;
			baseConfigurationReference = A6748516A40E187B4F8ACFA3 /* SampleCode.xcconfig */;
			buildSettings = {
				ALWAYS_SEARCH_USER_PATHS = NO;
				CLANG_ANALYZER_NONNULL = YES;
				CLANG_ANALYZER_NUMBER_OBJECT_CONVERSION = YES_AGGRESSIVE;
				CLANG_CXX_LANGUAGE_STANDARD = "gnu++17";
				CLANG_ENABLE_MODULES = YES;
				CLANG_ENABLE_OBJC_ARC = YES;
				CLANG_ENABLE_OBJC_WEAK = YES;
				CLANG_WARN_BLOCK_CAPTURE_AUTORELEASING = YES;
				CLANG_WARN_BOOL_CONVERSION = YES;
				CLANG_WARN_COMMA = YES;
				CLANG_WARN_CONSTANT_CONVERSION = YES;
				CLANG_WARN_DEPRECATED_OBJC_IMPLEMENTATIONS = YES;
				CLANG_WARN_DIRECT_OBJC_ISA_USAGE = YES_ERROR;
				CLANG_WARN_DOCUMENTATION_COMMENTS = YES;
				CLANG_WARN_EMPTY_BODY = YES;
				CLANG_WARN_ENUM_CONVERSION = YES;
				CLANG_WARN_INFINITE_RECURSION = YES;
				CLANG_WARN_INT_CONVERSION = YES;
				CLANG_WARN_NON_LITERAL_NULL_CONVERSION = YES;
				CLANG_WARN_OBJC_IMPLICIT_RETAIN_SELF = YES;
				CLANG_WARN_OBJC_LITERAL_CONVERSION = YES;
				CLANG_WARN_OBJC_ROOT_CLASS = YES_ERROR;
				CLANG_WARN_QUOTED_INCLUDE_IN_FRAMEWORK_HEADER = YES;
				CLANG_WARN_RANGE_LOOP_ANALYSIS = YES;
				CLANG_WARN_STRICT_PROTOTYPES = YES;
				CLANG_WARN_SUSPICIOUS_MOVE = YES;
				CLANG_WARN_UNGUARDED_AVAILABILITY = YES_AGGRESSIVE;
				CLANG_WARN_UNREACHABLE_CODE = YES;
				CLANG_WARN__DUPLICATE_METHOD_MATCH = YES;
				COPY_PHASE_STRIP = NO;
				DEBUG_INFORMATION_FORMAT = dwarf;
				ENABLE_STRICT_OBJC_MSGSEND = YES;
				ENABLE_TESTABILITY = YES;
				GCC_C_LANGUAGE_STANDARD = gnu11;
				GCC_DYNAMIC_NO_PIC = NO;
				GCC_NO_COMMON_BLOCKS = YES;
				GCC_OPTIMIZATION_LEVEL = 0;
				GCC_PREPROCESSOR_DEFINITIONS = (
					"DEBUG=1",
					"$(inherited)",
				);
				GCC_WARN_64_TO_32_BIT_CONVERSION = YES;
				GCC_WARN_ABOUT_RETURN_TYPE = YES_ERROR;
				GCC_WARN_UNDECLARED_SELECTOR = YES;
				GCC_WARN_UNINITIALIZED_AUTOS = YES_AGGRESSIVE;
				GCC_WARN_UNUSED_FUNCTION = YES;
				GCC_WARN_UNUSED_VARIABLE = YES;
				IPHONEOS_DEPLOYMENT_TARGET = 16.0;
				MTL_ENABLE_DEBUG_INFO = INCLUDE_SOURCE;
				MTL_FAST_MATH = YES;
				ONLY_ACTIVE_ARCH = YES;
				SDKROOT = iphoneos;
				SWIFT_ACTIVE_COMPILATION_CONDITIONS = DEBUG;
				SWIFT_OPTIMIZATION_LEVEL = "-Onone";
			};
			name = Debug;
		};
		18CA1484284ABEC700F90372 /* Release */ = {
			isa = XCBuildConfiguration;
			baseConfigurationReference = A6748516A40E187B4F8ACFA3 /* SampleCode.xcconfig */;
			buildSettings = {
				ALWAYS_SEARCH_USER_PATHS = NO;
				CLANG_ANALYZER_NONNULL = YES;
				CLANG_ANALYZER_NUMBER_OBJECT_CONVERSION = YES_AGGRESSIVE;
				CLANG_CXX_LANGUAGE_STANDARD = "gnu++17";
				CLANG_ENABLE_MODULES = YES;
				CLANG_ENABLE_OBJC_ARC = YES;
				CLANG_ENABLE_OBJC_WEAK = YES;
				CLANG_WARN_BLOCK_CAPTURE_AUTORELEASING = YES;
				CLANG_WARN_BOOL_CONVERSION = YES;
				CLANG_WARN_COMMA = YES;
				CLANG_WARN_CONSTANT_CONVERSION = YES;
				CLANG_WARN_DEPRECATED_OBJC_IMPLEMENTATIONS = YES;
				CLANG_WARN_DIRECT_OBJC_ISA_USAGE = YES_ERROR;
				CLANG_WARN_DOCUMENTATION_COMMENTS = YES;
				CLANG_WARN_EMPTY_BODY = YES;
				CLANG_WARN_ENUM_CONVERSION = YES;
				CLANG_WARN_INFINITE_RECURSION = YES;
				CLANG_WARN_INT_CONVERSION = YES;
				CLANG_WARN_NON_LITERAL_NULL_CONVERSION = YES;
				CLANG_WARN_OBJC_IMPLICIT_RETAIN_SELF = YES;
				CLANG_WARN_OBJC_LITERAL_CONVERSION = YES;
				CLANG_WARN_OBJC_ROOT_CLASS = YES_ERROR;
				CLANG_WARN_QUOTED_INCLUDE_IN_FRAMEWORK_HEADER = YES;
				CLANG_WARN_RANGE_LOOP_ANALYSIS = YES;
				CLANG_WARN_STRICT_PROTOTYPES = YES;
				CLANG_WARN_SUSPICIOUS_MOVE = YES;
				CLANG_WARN_UNGUARDED_AVAILABILITY = YES_AGGRESSIVE;
				CLANG_WARN_UNREACHABLE_CODE = YES;
				CLANG_WARN__DUPLICATE_METHOD_MATCH = YES;
				COPY_PHASE_STRIP = NO;
				DEBUG_INFORMATION_FORMAT = "dwarf-with-dsym";
				ENABLE_NS_ASSERTIONS = NO;
				ENABLE_STRICT_OBJC_MSGSEND = YES;
				GCC_C_LANGUAGE_STANDARD = gnu11;
				GCC_NO_COMMON_BLOCKS = YES;
				GCC_WARN_64_TO_32_BIT_CONVERSION = YES;
				GCC_WARN_ABOUT_RETURN_TYPE = YES_ERROR;
				GCC_WARN_UNDECLARED_SELECTOR = YES;
				GCC_WARN_UNINITIALIZED_AUTOS = YES_AGGRESSIVE;
				GCC_WARN_UNUSED_FUNCTION = YES;
				GCC_WARN_UNUSED_VARIABLE = YES;
				IPHONEOS_DEPLOYMENT_TARGET = 16.0;
				MTL_ENABLE_DEBUG_INFO = NO;
				MTL_FAST_MATH = YES;
				SDKROOT = iphoneos;
				SWIFT_COMPILATION_MODE = wholemodule;
				SWIFT_OPTIMIZATION_LEVEL = "-O";
				VALIDATE_PRODUCT = YES;
			};
			name = Release;
		};
		18CA1486284ABEC700F90372 /* Debug */ = {
			isa = XCBuildConfiguration;
			baseConfigurationReference = A6748516A40E187B4F8ACFA3 /* SampleCode.xcconfig */;
			buildSettings = {
				ASSETCATALOG_COMPILER_APPICON_NAME = AppIcon;
				ASSETCATALOG_COMPILER_GLOBAL_ACCENT_COLOR_NAME = AccentColor;
				CODE_SIGN_ENTITLEMENTS = Shuffle/Shuffle.entitlements;
				CODE_SIGN_STYLE = Automatic;
				CURRENT_PROJECT_VERSION = 1;
				DEVELOPMENT_ASSET_PATHS = "\"Shuffle/App\"";
				DEVELOPMENT_TEAM = "";
				ENABLE_PREVIEWS = YES;
				GENERATE_INFOPLIST_FILE = YES;
				INFOPLIST_FILE = Shuffle/App/Info.plist;
				INFOPLIST_KEY_NSCameraUsageDescription = "This app uses the camera to capture input for images";
				INFOPLIST_KEY_UIApplicationSceneManifest_Generation = YES;
				INFOPLIST_KEY_UIApplicationSupportsIndirectInputEvents = YES;
				INFOPLIST_KEY_UILaunchScreen_Generation = YES;
				INFOPLIST_KEY_UIRequiredDeviceCapabilities = armv7;
				INFOPLIST_KEY_UIRequiresFullScreen = YES;
				INFOPLIST_KEY_UISupportedInterfaceOrientations = UIInterfaceOrientationPortrait;
				INFOPLIST_KEY_UISupportedInterfaceOrientations_iPad = UIInterfaceOrientationPortrait;
				LD_RUNPATH_SEARCH_PATHS = (
					"$(inherited)",
					"@executable_path/Frameworks",
				);
				MARKETING_VERSION = 1.0;
				PRODUCT_BUNDLE_IDENTIFIER = "-samplecode.S-com.example.apple-huffle--SAMPLE-CODE-DISAMBIGUATOR---SAMPLE-CODE-DISAMBIGUATOR-";
				PRODUCT_NAME = "$(TARGET_NAME)";
				PROVISIONING_PROFILE_SPECIFIER = "";
				SWIFT_EMIT_LOC_STRINGS = YES;
				SWIFT_VERSION = 5.0;
				TARGETED_DEVICE_FAMILY = "1,2";
			};
			name = Debug;
		};
		18CA1487284ABEC700F90372 /* Release */ = {
			isa = XCBuildConfiguration;
			baseConfigurationReference = A6748516A40E187B4F8ACFA3 /* SampleCode.xcconfig */;
			buildSettings = {
				ASSETCATALOG_COMPILER_APPICON_NAME = AppIcon;
				ASSETCATALOG_COMPILER_GLOBAL_ACCENT_COLOR_NAME = AccentColor;
				CODE_SIGN_ENTITLEMENTS = Shuffle/Shuffle.entitlements;
				CODE_SIGN_STYLE = Automatic;
				CURRENT_PROJECT_VERSION = 1;
				DEVELOPMENT_ASSET_PATHS = "\"Shuffle/App\"";
				DEVELOPMENT_TEAM = "";
				ENABLE_PREVIEWS = YES;
				GENERATE_INFOPLIST_FILE = YES;
				INFOPLIST_FILE = Shuffle/App/Info.plist;
				INFOPLIST_KEY_NSCameraUsageDescription = "This app uses the camera to capture input for images";
				INFOPLIST_KEY_UIApplicationSceneManifest_Generation = YES;
				INFOPLIST_KEY_UIApplicationSupportsIndirectInputEvents = YES;
				INFOPLIST_KEY_UILaunchScreen_Generation = YES;
				INFOPLIST_KEY_UIRequiredDeviceCapabilities = armv7;
				INFOPLIST_KEY_UIRequiresFullScreen = YES;
				INFOPLIST_KEY_UISupportedInterfaceOrientations = UIInterfaceOrientationPortrait;
				INFOPLIST_KEY_UISupportedInterfaceOrientations_iPad = UIInterfaceOrientationPortrait;
				LD_RUNPATH_SEARCH_PATHS = (
					"$(inherited)",
					"@executable_path/Frameworks",
				);
				MARKETING_VERSION = 1.0;
				PRODUCT_BUNDLE_IDENTIFIER = "-samplecode.S-com.example.apple-huffle--SAMPLE-CODE-DISAMBIGUATOR---SAMPLE-CODE-DISAMBIGUATOR-";
				PRODUCT_NAME = "$(TARGET_NAME)";
				PROVISIONING_PROFILE_SPECIFIER = "";
				SWIFT_EMIT_LOC_STRINGS = YES;
				SWIFT_VERSION = 5.0;
				TARGETED_DEVICE_FAMILY = "1,2";
			};
			name = Release;
		};
/* End XCBuildConfiguration section */

/* Begin XCConfigurationList section */
		18CA1472284ABEC600F90372 /* Build configuration list for PBXProject "Shuffle" */ = {
			isa = XCConfigurationList;
			buildConfigurations = (
				18CA1483284ABEC700F90372 /* Debug */,
				18CA1484284ABEC700F90372 /* Release */,
			);
			defaultConfigurationIsVisible = 0;
			defaultConfigurationName = Release;
		};
		18CA1485284ABEC700F90372 /* Build configuration list for PBXNativeTarget "Shuffle" */ = {
			isa = XCConfigurationList;
			buildConfigurations = (
				18CA1486284ABEC700F90372 /* Debug */,
				18CA1487284ABEC700F90372 /* Release */,
			);
			defaultConfigurationIsVisible = 0;
			defaultConfigurationName = Release;
		};
/* End XCConfigurationList section */

/* Begin XCRemoteSwiftPackageReference section */
		18CA1489284ABF8C00F90372 /* XCRemoteSwiftPackageReference "swift-async-algorithms" */ = {
			isa = XCRemoteSwiftPackageReference;
			repositoryURL = "https://github.com/apple/swift-async-algorithms";
			requirement = {
				kind = exactVersion;
				version = 0.0.1;
			};
		};
		A88F20992A10E99F005E4A27 /* XCRemoteSwiftPackageReference "PythonKit" */ = {
			isa = XCRemoteSwiftPackageReference;
			repositoryURL = "https://github.com/pvieito/PythonKit.git";
			requirement = {
				branch = master;
				kind = branch;
			};
		};
/* End XCRemoteSwiftPackageReference section */

/* Begin XCSwiftPackageProductDependency section */
		18CA148A284ABF8C00F90372 /* AsyncAlgorithms */ = {
			isa = XCSwiftPackageProductDependency;
			package = 18CA1489284ABF8C00F90372 /* XCRemoteSwiftPackageReference "swift-async-algorithms" */;
			productName = AsyncAlgorithms;
		};
		A88F209A2A10E99F005E4A27 /* PythonKit */ = {
			isa = XCSwiftPackageProductDependency;
			package = A88F20992A10E99F005E4A27 /* XCRemoteSwiftPackageReference "PythonKit" */;
			productName = PythonKit;
		};
/* End XCSwiftPackageProductDependency section */
	};
	rootObject = 18CA146F284ABEC600F90372 /* Project object */;
}
